// !$*UTF8*$!
{
	archiveVersion = 1;
	classes = {
	};
	objectVersion = 48;
	objects = {

/* Begin PBXBuildFile section */
		300B82B92117088300F31DD1 /* ParseCloudFunctions.swift in Sources */ = {isa = PBXBuildFile; fileRef = 300B82B82117088300F31DD1 /* ParseCloudFunctions.swift */; };
		3020B87320D36F8D00B17F6B /* UIAlert+Custom.swift in Sources */ = {isa = PBXBuildFile; fileRef = 3020B87220D36F8D00B17F6B /* UIAlert+Custom.swift */; };
		305BF2A420D5BECC003307F7 /* Helpers.swift in Sources */ = {isa = PBXBuildFile; fileRef = 305BF2A320D5BECC003307F7 /* Helpers.swift */; };
		3068910D209944B9001F4EB5 /* AppDelegate.swift in Sources */ = {isa = PBXBuildFile; fileRef = 3068910C209944B9001F4EB5 /* AppDelegate.swift */; };
		3068910F209944B9001F4EB5 /* HomeViewController.swift in Sources */ = {isa = PBXBuildFile; fileRef = 3068910E209944B9001F4EB5 /* HomeViewController.swift */; };
		30689112209944B9001F4EB5 /* Main.storyboard in Resources */ = {isa = PBXBuildFile; fileRef = 30689110209944B9001F4EB5 /* Main.storyboard */; };
		30689115209944B9001F4EB5 /* SpyMe.xcdatamodeld in Sources */ = {isa = PBXBuildFile; fileRef = 30689113209944B9001F4EB5 /* SpyMe.xcdatamodeld */; };
		30689117209944B9001F4EB5 /* Assets.xcassets in Resources */ = {isa = PBXBuildFile; fileRef = 30689116209944B9001F4EB5 /* Assets.xcassets */; };
		3068911A209944B9001F4EB5 /* LaunchScreen.storyboard in Resources */ = {isa = PBXBuildFile; fileRef = 30689118209944B9001F4EB5 /* LaunchScreen.storyboard */; };
		30689125209BF145001F4EB5 /* Civilian.swift in Sources */ = {isa = PBXBuildFile; fileRef = 30689124209BF145001F4EB5 /* Civilian.swift */; };
		30689127209BF16C001F4EB5 /* Room.swift in Sources */ = {isa = PBXBuildFile; fileRef = 30689126209BF16C001F4EB5 /* Room.swift */; };
		30689129209BF41A001F4EB5 /* Locations.swift in Sources */ = {isa = PBXBuildFile; fileRef = 30689128209BF41A001F4EB5 /* Locations.swift */; };
		3068912B209BF4E7001F4EB5 /* SpyGame.swift in Sources */ = {isa = PBXBuildFile; fileRef = 3068912A209BF4E7001F4EB5 /* SpyGame.swift */; };
		30A98554209E9BF5008E09BE /* GameRoomViewModel.swift in Sources */ = {isa = PBXBuildFile; fileRef = 30A98553209E9BF5008E09BE /* GameRoomViewModel.swift */; };
		30A9855E209FD1EA008E09BE /* GameRoomProtocol.swift in Sources */ = {isa = PBXBuildFile; fileRef = 30A9855D209FD1EA008E09BE /* GameRoomProtocol.swift */; };
		30A9856320A14090008E09BE /* GameRoom_VC.swift in Sources */ = {isa = PBXBuildFile; fileRef = 30A9856220A14090008E09BE /* GameRoom_VC.swift */; };
		30A9856820A14EB2008E09BE /* GameQueue_VC.swift in Sources */ = {isa = PBXBuildFile; fileRef = 30A9856720A14EB2008E09BE /* GameQueue_VC.swift */; };
		30A9856E20A15F88008E09BE /* UIStoryboard+Loader.swift in Sources */ = {isa = PBXBuildFile; fileRef = 30A9856D20A15F88008E09BE /* UIStoryboard+Loader.swift */; };
		30A9857020A16225008E09BE /* NameCreation_VC.swift in Sources */ = {isa = PBXBuildFile; fileRef = 30A9856F20A16225008E09BE /* NameCreation_VC.swift */; };
		30A9857220A1630C008E09BE /* JoinCreateRoom_VC.swift in Sources */ = {isa = PBXBuildFile; fileRef = 30A9857120A1630C008E09BE /* JoinCreateRoom_VC.swift */; };
		30A9857420A1638C008E09BE /* RoomCreation_VC.swift in Sources */ = {isa = PBXBuildFile; fileRef = 30A9857320A1638C008E09BE /* RoomCreation_VC.swift */; };
		30A9858A20A257FF008E09BE /* Raleway-BoldItalic.ttf in Resources */ = {isa = PBXBuildFile; fileRef = 30A9857720A257FF008E09BE /* Raleway-BoldItalic.ttf */; };
		30A9858B20A257FF008E09BE /* Raleway-MediumItalic.ttf in Resources */ = {isa = PBXBuildFile; fileRef = 30A9857820A257FF008E09BE /* Raleway-MediumItalic.ttf */; };
		30A9858C20A257FF008E09BE /* Raleway-ThinItalic.ttf in Resources */ = {isa = PBXBuildFile; fileRef = 30A9857920A257FF008E09BE /* Raleway-ThinItalic.ttf */; };
		30A9858D20A257FF008E09BE /* Raleway-ExtraLight.ttf in Resources */ = {isa = PBXBuildFile; fileRef = 30A9857A20A257FF008E09BE /* Raleway-ExtraLight.ttf */; };
		30A9858E20A257FF008E09BE /* Raleway-Medium.ttf in Resources */ = {isa = PBXBuildFile; fileRef = 30A9857B20A257FF008E09BE /* Raleway-Medium.ttf */; };
		30A9858F20A257FF008E09BE /* Raleway-SemiBold.ttf in Resources */ = {isa = PBXBuildFile; fileRef = 30A9857C20A257FF008E09BE /* Raleway-SemiBold.ttf */; };
		30A9859020A257FF008E09BE /* Raleway-ExtraBold.ttf in Resources */ = {isa = PBXBuildFile; fileRef = 30A9857D20A257FF008E09BE /* Raleway-ExtraBold.ttf */; };
		30A9859120A257FF008E09BE /* Raleway-ExtraBoldItalic.ttf in Resources */ = {isa = PBXBuildFile; fileRef = 30A9857E20A257FF008E09BE /* Raleway-ExtraBoldItalic.ttf */; };
		30A9859220A257FF008E09BE /* Raleway-Regular.ttf in Resources */ = {isa = PBXBuildFile; fileRef = 30A9857F20A257FF008E09BE /* Raleway-Regular.ttf */; };
		30A9859320A257FF008E09BE /* Raleway-ExtraLightItalic.ttf in Resources */ = {isa = PBXBuildFile; fileRef = 30A9858020A257FF008E09BE /* Raleway-ExtraLightItalic.ttf */; };
		30A9859420A257FF008E09BE /* Raleway-SemiBoldItalic.ttf in Resources */ = {isa = PBXBuildFile; fileRef = 30A9858120A257FF008E09BE /* Raleway-SemiBoldItalic.ttf */; };
		30A9859520A257FF008E09BE /* Raleway-Light.ttf in Resources */ = {isa = PBXBuildFile; fileRef = 30A9858220A257FF008E09BE /* Raleway-Light.ttf */; };
		30A9859620A257FF008E09BE /* Raleway-Black.ttf in Resources */ = {isa = PBXBuildFile; fileRef = 30A9858320A257FF008E09BE /* Raleway-Black.ttf */; };
		30A9859720A257FF008E09BE /* OFL.txt in Resources */ = {isa = PBXBuildFile; fileRef = 30A9858420A257FF008E09BE /* OFL.txt */; };
		30A9859820A257FF008E09BE /* Raleway-BlackItalic.ttf in Resources */ = {isa = PBXBuildFile; fileRef = 30A9858520A257FF008E09BE /* Raleway-BlackItalic.ttf */; };
		30A9859920A257FF008E09BE /* Raleway-LightItalic.ttf in Resources */ = {isa = PBXBuildFile; fileRef = 30A9858620A257FF008E09BE /* Raleway-LightItalic.ttf */; };
		30A9859A20A257FF008E09BE /* Raleway-Thin.ttf in Resources */ = {isa = PBXBuildFile; fileRef = 30A9858720A257FF008E09BE /* Raleway-Thin.ttf */; };
		30A9859B20A257FF008E09BE /* Raleway-Italic.ttf in Resources */ = {isa = PBXBuildFile; fileRef = 30A9858820A257FF008E09BE /* Raleway-Italic.ttf */; };
		30A9859C20A257FF008E09BE /* Raleway-Bold.ttf in Resources */ = {isa = PBXBuildFile; fileRef = 30A9858920A257FF008E09BE /* Raleway-Bold.ttf */; };
		30A985A220A2FA4F008E09BE /* GlobalVars.swift in Sources */ = {isa = PBXBuildFile; fileRef = 30A985A120A2FA4F008E09BE /* GlobalVars.swift */; };
		30AAB67320C1FE1D001A9B45 /* ConnRoom_VC.swift in Sources */ = {isa = PBXBuildFile; fileRef = 30AAB67220C1FE1D001A9B45 /* ConnRoom_VC.swift */; };
		30AAB67620C29028001A9B45 /* NameCreation+UITextField.swift in Sources */ = {isa = PBXBuildFile; fileRef = 30AAB67520C29028001A9B45 /* NameCreation+UITextField.swift */; };
		30AAB67820C29CE2001A9B45 /* Room+UITextField.swift in Sources */ = {isa = PBXBuildFile; fileRef = 30AAB67720C29CE2001A9B45 /* Room+UITextField.swift */; };
		30BD89AC21191179001E6921 /* GameQueue+UITableView.swift in Sources */ = {isa = PBXBuildFile; fileRef = 30BD89AB21191179001E6921 /* GameQueue+UITableView.swift */; };
		30BD89AF2119123A001E6921 /* PlayerCell.swift in Sources */ = {isa = PBXBuildFile; fileRef = 30BD89AE2119123A001E6921 /* PlayerCell.swift */; };
		30BD89B2211A496D001E6921 /* LocationCell.swift in Sources */ = {isa = PBXBuildFile; fileRef = 30BD89B1211A496D001E6921 /* LocationCell.swift */; };
		30BD89B4211A5319001E6921 /* GameRoom+UITableView.swift in Sources */ = {isa = PBXBuildFile; fileRef = 30BD89B3211A5319001E6921 /* GameRoom+UITableView.swift */; };
		30E7266A211BABFC00BC94A3 /* Dynamic.swift in Sources */ = {isa = PBXBuildFile; fileRef = 30E72669211BABFC00BC94A3 /* Dynamic.swift */; };
		30E7266D211CD25100BC94A3 /* VotingPopup_VC.swift in Sources */ = {isa = PBXBuildFile; fileRef = 30E7266C211CD25100BC94A3 /* VotingPopup_VC.swift */; };
		30E7266F211CD60300BC94A3 /* VotingPopup+UITableView.swift in Sources */ = {isa = PBXBuildFile; fileRef = 30E7266E211CD60300BC94A3 /* VotingPopup+UITableView.swift */; };
		30F7766120B8070D00DD29D0 /* UITextField+Custom.swift in Sources */ = {isa = PBXBuildFile; fileRef = 30F7766020B8070D00DD29D0 /* UITextField+Custom.swift */; };
		9F4B911B153C87A812A23A51 /* Pods_SpyMe.framework in Frameworks */ = {isa = PBXBuildFile; fileRef = 52853931B4746B97C78BCE01 /* Pods_SpyMe.framework */; };
/* End PBXBuildFile section */

/* Begin PBXFileReference section */
		300B82B82117088300F31DD1 /* ParseCloudFunctions.swift */ = {isa = PBXFileReference; lastKnownFileType = sourcecode.swift; path = ParseCloudFunctions.swift; sourceTree = "<group>"; };
		3020B87220D36F8D00B17F6B /* UIAlert+Custom.swift */ = {isa = PBXFileReference; lastKnownFileType = sourcecode.swift; path = "UIAlert+Custom.swift"; sourceTree = "<group>"; };
		305BF2A320D5BECC003307F7 /* Helpers.swift */ = {isa = PBXFileReference; lastKnownFileType = sourcecode.swift; path = Helpers.swift; sourceTree = "<group>"; };
		30689109209944B9001F4EB5 /* SpyMe.app */ = {isa = PBXFileReference; explicitFileType = wrapper.application; includeInIndex = 0; path = SpyMe.app; sourceTree = BUILT_PRODUCTS_DIR; };
		3068910C209944B9001F4EB5 /* AppDelegate.swift */ = {isa = PBXFileReference; lastKnownFileType = sourcecode.swift; path = AppDelegate.swift; sourceTree = "<group>"; };
		3068910E209944B9001F4EB5 /* HomeViewController.swift */ = {isa = PBXFileReference; lastKnownFileType = sourcecode.swift; path = HomeViewController.swift; sourceTree = "<group>"; };
		30689111209944B9001F4EB5 /* Base */ = {isa = PBXFileReference; lastKnownFileType = file.storyboard; name = Base; path = Base.lproj/Main.storyboard; sourceTree = "<group>"; };
		30689114209944B9001F4EB5 /* SpyMe.xcdatamodel */ = {isa = PBXFileReference; lastKnownFileType = wrapper.xcdatamodel; path = SpyMe.xcdatamodel; sourceTree = "<group>"; };
		30689116209944B9001F4EB5 /* Assets.xcassets */ = {isa = PBXFileReference; lastKnownFileType = folder.assetcatalog; path = Assets.xcassets; sourceTree = "<group>"; };
		30689119209944B9001F4EB5 /* Base */ = {isa = PBXFileReference; lastKnownFileType = file.storyboard; name = Base; path = Base.lproj/LaunchScreen.storyboard; sourceTree = "<group>"; };
		3068911B209944B9001F4EB5 /* Info.plist */ = {isa = PBXFileReference; lastKnownFileType = text.plist.xml; path = Info.plist; sourceTree = "<group>"; };
		30689124209BF145001F4EB5 /* Civilian.swift */ = {isa = PBXFileReference; lastKnownFileType = sourcecode.swift; path = Civilian.swift; sourceTree = "<group>"; };
		30689126209BF16C001F4EB5 /* Room.swift */ = {isa = PBXFileReference; lastKnownFileType = sourcecode.swift; path = Room.swift; sourceTree = "<group>"; };
		30689128209BF41A001F4EB5 /* Locations.swift */ = {isa = PBXFileReference; lastKnownFileType = sourcecode.swift; path = Locations.swift; sourceTree = "<group>"; };
		3068912A209BF4E7001F4EB5 /* SpyGame.swift */ = {isa = PBXFileReference; lastKnownFileType = sourcecode.swift; path = SpyGame.swift; sourceTree = "<group>"; };
		30A98553209E9BF5008E09BE /* GameRoomViewModel.swift */ = {isa = PBXFileReference; lastKnownFileType = sourcecode.swift; path = GameRoomViewModel.swift; sourceTree = "<group>"; };
		30A9855D209FD1EA008E09BE /* GameRoomProtocol.swift */ = {isa = PBXFileReference; lastKnownFileType = sourcecode.swift; path = GameRoomProtocol.swift; sourceTree = "<group>"; };
		30A9856220A14090008E09BE /* GameRoom_VC.swift */ = {isa = PBXFileReference; lastKnownFileType = sourcecode.swift; path = GameRoom_VC.swift; sourceTree = "<group>"; };
		30A9856720A14EB2008E09BE /* GameQueue_VC.swift */ = {isa = PBXFileReference; lastKnownFileType = sourcecode.swift; path = GameQueue_VC.swift; sourceTree = "<group>"; };
		30A9856D20A15F88008E09BE /* UIStoryboard+Loader.swift */ = {isa = PBXFileReference; lastKnownFileType = sourcecode.swift; path = "UIStoryboard+Loader.swift"; sourceTree = "<group>"; };
		30A9856F20A16225008E09BE /* NameCreation_VC.swift */ = {isa = PBXFileReference; lastKnownFileType = sourcecode.swift; path = NameCreation_VC.swift; sourceTree = "<group>"; };
		30A9857120A1630C008E09BE /* JoinCreateRoom_VC.swift */ = {isa = PBXFileReference; lastKnownFileType = sourcecode.swift; path = JoinCreateRoom_VC.swift; sourceTree = "<group>"; };
		30A9857320A1638C008E09BE /* RoomCreation_VC.swift */ = {isa = PBXFileReference; lastKnownFileType = sourcecode.swift; path = RoomCreation_VC.swift; sourceTree = "<group>"; };
		30A9857720A257FF008E09BE /* Raleway-BoldItalic.ttf */ = {isa = PBXFileReference; lastKnownFileType = file; path = "Raleway-BoldItalic.ttf"; sourceTree = "<group>"; };
		30A9857820A257FF008E09BE /* Raleway-MediumItalic.ttf */ = {isa = PBXFileReference; lastKnownFileType = file; path = "Raleway-MediumItalic.ttf"; sourceTree = "<group>"; };
		30A9857920A257FF008E09BE /* Raleway-ThinItalic.ttf */ = {isa = PBXFileReference; lastKnownFileType = file; path = "Raleway-ThinItalic.ttf"; sourceTree = "<group>"; };
		30A9857A20A257FF008E09BE /* Raleway-ExtraLight.ttf */ = {isa = PBXFileReference; lastKnownFileType = file; path = "Raleway-ExtraLight.ttf"; sourceTree = "<group>"; };
		30A9857B20A257FF008E09BE /* Raleway-Medium.ttf */ = {isa = PBXFileReference; lastKnownFileType = file; path = "Raleway-Medium.ttf"; sourceTree = "<group>"; };
		30A9857C20A257FF008E09BE /* Raleway-SemiBold.ttf */ = {isa = PBXFileReference; lastKnownFileType = file; path = "Raleway-SemiBold.ttf"; sourceTree = "<group>"; };
		30A9857D20A257FF008E09BE /* Raleway-ExtraBold.ttf */ = {isa = PBXFileReference; lastKnownFileType = file; path = "Raleway-ExtraBold.ttf"; sourceTree = "<group>"; };
		30A9857E20A257FF008E09BE /* Raleway-ExtraBoldItalic.ttf */ = {isa = PBXFileReference; lastKnownFileType = file; path = "Raleway-ExtraBoldItalic.ttf"; sourceTree = "<group>"; };
		30A9857F20A257FF008E09BE /* Raleway-Regular.ttf */ = {isa = PBXFileReference; lastKnownFileType = file; path = "Raleway-Regular.ttf"; sourceTree = "<group>"; };
		30A9858020A257FF008E09BE /* Raleway-ExtraLightItalic.ttf */ = {isa = PBXFileReference; lastKnownFileType = file; path = "Raleway-ExtraLightItalic.ttf"; sourceTree = "<group>"; };
		30A9858120A257FF008E09BE /* Raleway-SemiBoldItalic.ttf */ = {isa = PBXFileReference; lastKnownFileType = file; path = "Raleway-SemiBoldItalic.ttf"; sourceTree = "<group>"; };
		30A9858220A257FF008E09BE /* Raleway-Light.ttf */ = {isa = PBXFileReference; lastKnownFileType = file; path = "Raleway-Light.ttf"; sourceTree = "<group>"; };
		30A9858320A257FF008E09BE /* Raleway-Black.ttf */ = {isa = PBXFileReference; lastKnownFileType = file; path = "Raleway-Black.ttf"; sourceTree = "<group>"; };
		30A9858420A257FF008E09BE /* OFL.txt */ = {isa = PBXFileReference; fileEncoding = 4; lastKnownFileType = text; path = OFL.txt; sourceTree = "<group>"; };
		30A9858520A257FF008E09BE /* Raleway-BlackItalic.ttf */ = {isa = PBXFileReference; lastKnownFileType = file; path = "Raleway-BlackItalic.ttf"; sourceTree = "<group>"; };
		30A9858620A257FF008E09BE /* Raleway-LightItalic.ttf */ = {isa = PBXFileReference; lastKnownFileType = file; path = "Raleway-LightItalic.ttf"; sourceTree = "<group>"; };
		30A9858720A257FF008E09BE /* Raleway-Thin.ttf */ = {isa = PBXFileReference; lastKnownFileType = file; path = "Raleway-Thin.ttf"; sourceTree = "<group>"; };
		30A9858820A257FF008E09BE /* Raleway-Italic.ttf */ = {isa = PBXFileReference; lastKnownFileType = file; path = "Raleway-Italic.ttf"; sourceTree = "<group>"; };
		30A9858920A257FF008E09BE /* Raleway-Bold.ttf */ = {isa = PBXFileReference; lastKnownFileType = file; path = "Raleway-Bold.ttf"; sourceTree = "<group>"; };
		30A985A120A2FA4F008E09BE /* GlobalVars.swift */ = {isa = PBXFileReference; lastKnownFileType = sourcecode.swift; path = GlobalVars.swift; sourceTree = "<group>"; };
		30AAB67220C1FE1D001A9B45 /* ConnRoom_VC.swift */ = {isa = PBXFileReference; lastKnownFileType = sourcecode.swift; path = ConnRoom_VC.swift; sourceTree = "<group>"; };
		30AAB67520C29028001A9B45 /* NameCreation+UITextField.swift */ = {isa = PBXFileReference; lastKnownFileType = sourcecode.swift; path = "NameCreation+UITextField.swift"; sourceTree = "<group>"; };
		30AAB67720C29CE2001A9B45 /* Room+UITextField.swift */ = {isa = PBXFileReference; lastKnownFileType = sourcecode.swift; path = "Room+UITextField.swift"; sourceTree = "<group>"; };
		30AAB67920C4768A001A9B45 /* SpyMe-Bridging-Header.h */ = {isa = PBXFileReference; lastKnownFileType = sourcecode.c.h; path = "SpyMe-Bridging-Header.h"; sourceTree = "<group>"; };
		30AAB67D20C49DDB001A9B45 /* SpyMe.entitlements */ = {isa = PBXFileReference; lastKnownFileType = text.plist.entitlements; path = SpyMe.entitlements; sourceTree = "<group>"; };
		30BD89AB21191179001E6921 /* GameQueue+UITableView.swift */ = {isa = PBXFileReference; lastKnownFileType = sourcecode.swift; path = "GameQueue+UITableView.swift"; sourceTree = "<group>"; };
		30BD89AE2119123A001E6921 /* PlayerCell.swift */ = {isa = PBXFileReference; lastKnownFileType = sourcecode.swift; path = PlayerCell.swift; sourceTree = "<group>"; };
		30BD89B1211A496D001E6921 /* LocationCell.swift */ = {isa = PBXFileReference; lastKnownFileType = sourcecode.swift; path = LocationCell.swift; sourceTree = "<group>"; };
		30BD89B3211A5319001E6921 /* GameRoom+UITableView.swift */ = {isa = PBXFileReference; lastKnownFileType = sourcecode.swift; path = "GameRoom+UITableView.swift"; sourceTree = "<group>"; };
		30E72669211BABFC00BC94A3 /* Dynamic.swift */ = {isa = PBXFileReference; lastKnownFileType = sourcecode.swift; path = Dynamic.swift; sourceTree = "<group>"; };
		30E7266C211CD25100BC94A3 /* VotingPopup_VC.swift */ = {isa = PBXFileReference; lastKnownFileType = sourcecode.swift; path = VotingPopup_VC.swift; sourceTree = "<group>"; };
		30E7266E211CD60300BC94A3 /* VotingPopup+UITableView.swift */ = {isa = PBXFileReference; lastKnownFileType = sourcecode.swift; path = "VotingPopup+UITableView.swift"; sourceTree = "<group>"; };
		30F7766020B8070D00DD29D0 /* UITextField+Custom.swift */ = {isa = PBXFileReference; lastKnownFileType = sourcecode.swift; path = "UITextField+Custom.swift"; sourceTree = "<group>"; };
		4BD0F8C11AA203B44A031CA7 /* Pods-SpyMe.debug.xcconfig */ = {isa = PBXFileReference; includeInIndex = 1; lastKnownFileType = text.xcconfig; name = "Pods-SpyMe.debug.xcconfig"; path = "Pods/Target Support Files/Pods-SpyMe/Pods-SpyMe.debug.xcconfig"; sourceTree = "<group>"; };
		52853931B4746B97C78BCE01 /* Pods_SpyMe.framework */ = {isa = PBXFileReference; explicitFileType = wrapper.framework; includeInIndex = 0; path = Pods_SpyMe.framework; sourceTree = BUILT_PRODUCTS_DIR; };
		6116FA91700DE9739E304DE1 /* Pods-SpyMe.release.xcconfig */ = {isa = PBXFileReference; includeInIndex = 1; lastKnownFileType = text.xcconfig; name = "Pods-SpyMe.release.xcconfig"; path = "Pods/Target Support Files/Pods-SpyMe/Pods-SpyMe.release.xcconfig"; sourceTree = "<group>"; };
/* End PBXFileReference section */

/* Begin PBXFrameworksBuildPhase section */
		30689106209944B9001F4EB5 /* Frameworks */ = {
			isa = PBXFrameworksBuildPhase;
			buildActionMask = 2147483647;
			files = (
				9F4B911B153C87A812A23A51 /* Pods_SpyMe.framework in Frameworks */,
			);
			runOnlyForDeploymentPostprocessing = 0;
		};
/* End PBXFrameworksBuildPhase section */

/* Begin PBXGroup section */
		13430994C5E8F4CF50EDEC96 /* Pods */ = {
			isa = PBXGroup;
			children = (
				4BD0F8C11AA203B44A031CA7 /* Pods-SpyMe.debug.xcconfig */,
				6116FA91700DE9739E304DE1 /* Pods-SpyMe.release.xcconfig */,
			);
			name = Pods;
			sourceTree = "<group>";
		};
		300B82B72117085100F31DD1 /* Parse Functions */ = {
			isa = PBXGroup;
			children = (
				300B82B82117088300F31DD1 /* ParseCloudFunctions.swift */,
			);
			path = "Parse Functions";
			sourceTree = "<group>";
		};
		300B82BA2117B5EC00F31DD1 /* GameRoomViewModel */ = {
			isa = PBXGroup;
			children = (
				30A98553209E9BF5008E09BE /* GameRoomViewModel.swift */,
				30A9855D209FD1EA008E09BE /* GameRoomProtocol.swift */,
			);
			path = GameRoomViewModel;
			sourceTree = "<group>";
		};
		3020B87120D3621A00B17F6B /* NameCreation */ = {
			isa = PBXGroup;
			children = (
				30A9856F20A16225008E09BE /* NameCreation_VC.swift */,
				30AAB67520C29028001A9B45 /* NameCreation+UITextField.swift */,
			);
			path = NameCreation;
			sourceTree = "<group>";
		};
		30689100209944B9001F4EB5 = {
			isa = PBXGroup;
			children = (
				3068910B209944B9001F4EB5 /* SpyMe */,
				3068910A209944B9001F4EB5 /* Products */,
				13430994C5E8F4CF50EDEC96 /* Pods */,
				375A017BBA830323A5DC722F /* Frameworks */,
			);
			sourceTree = "<group>";
		};
		3068910A209944B9001F4EB5 /* Products */ = {
			isa = PBXGroup;
			children = (
				30689109209944B9001F4EB5 /* SpyMe.app */,
			);
			name = Products;
			sourceTree = "<group>";
		};
		3068910B209944B9001F4EB5 /* SpyMe */ = {
			isa = PBXGroup;
			children = (
				30AAB67D20C49DDB001A9B45 /* SpyMe.entitlements */,
				30689118209944B9001F4EB5 /* LaunchScreen.storyboard */,
				3068910C209944B9001F4EB5 /* AppDelegate.swift */,
				3068910E209944B9001F4EB5 /* HomeViewController.swift */,
				30A9854E209E91D7008E09BE /* Model */,
				30689123209BDDB1001F4EB5 /* View */,
				30689122209BDD70001F4EB5 /* ViewModel */,
				30A9859E20A265D7008E09BE /* Globals */,
				300B82B72117085100F31DD1 /* Parse Functions */,
				30A9856C20A15F6F008E09BE /* Extensions+Custom */,
				30A9856120A0EFAC008E09BE /* Resources */,
				30689116209944B9001F4EB5 /* Assets.xcassets */,
				3068911B209944B9001F4EB5 /* Info.plist */,
				30689113209944B9001F4EB5 /* SpyMe.xcdatamodeld */,
				30AAB67920C4768A001A9B45 /* SpyMe-Bridging-Header.h */,
			);
			path = SpyMe;
			sourceTree = "<group>";
		};
		30689122209BDD70001F4EB5 /* ViewModel */ = {
			isa = PBXGroup;
			children = (
				300B82BA2117B5EC00F31DD1 /* GameRoomViewModel */,
				30E72669211BABFC00BC94A3 /* Dynamic.swift */,
			);
			path = ViewModel;
			sourceTree = "<group>";
		};
		30689123209BDDB1001F4EB5 /* View */ = {
			isa = PBXGroup;
			children = (
				30689110209944B9001F4EB5 /* Main.storyboard */,
				3020B87120D3621A00B17F6B /* NameCreation */,
				30AAB67420C1FE2A001A9B45 /* RoomConnection */,
				30A9856920A15868008E09BE /* GameQueue */,
				30A9856620A1467D008E09BE /* GameRoom */,
				30E7266B211CD21700BC94A3 /* VotingPopup */,
				30BD89AD2119122A001E6921 /* Cells */,
			);
			path = View;
			sourceTree = "<group>";
		};
		30A9854E209E91D7008E09BE /* Model */ = {
			isa = PBXGroup;
			children = (
				30689124209BF145001F4EB5 /* Civilian.swift */,
				30689126209BF16C001F4EB5 /* Room.swift */,
				3068912A209BF4E7001F4EB5 /* SpyGame.swift */,
			);
			path = Model;
			sourceTree = "<group>";
		};
		30A9856120A0EFAC008E09BE /* Resources */ = {
			isa = PBXGroup;
			children = (
				30BD89B0211A196E001E6921 /* Locations For Game */,
				30A9857520A25726008E09BE /* Fonts */,
			);
			path = Resources;
			sourceTree = "<group>";
		};
		30A9856620A1467D008E09BE /* GameRoom */ = {
			isa = PBXGroup;
			children = (
				30A9856220A14090008E09BE /* GameRoom_VC.swift */,
				30BD89B3211A5319001E6921 /* GameRoom+UITableView.swift */,
			);
			path = GameRoom;
			sourceTree = "<group>";
		};
		30A9856920A15868008E09BE /* GameQueue */ = {
			isa = PBXGroup;
			children = (
				30A9856720A14EB2008E09BE /* GameQueue_VC.swift */,
				30BD89AB21191179001E6921 /* GameQueue+UITableView.swift */,
			);
			path = GameQueue;
			sourceTree = "<group>";
		};
		30A9856C20A15F6F008E09BE /* Extensions+Custom */ = {
			isa = PBXGroup;
			children = (
				30A9856D20A15F88008E09BE /* UIStoryboard+Loader.swift */,
				30F7766020B8070D00DD29D0 /* UITextField+Custom.swift */,
				3020B87220D36F8D00B17F6B /* UIAlert+Custom.swift */,
			);
			path = "Extensions+Custom";
			sourceTree = "<group>";
		};
		30A9857520A25726008E09BE /* Fonts */ = {
			isa = PBXGroup;
			children = (
				30A9857620A257FF008E09BE /* Raleway */,
			);
			path = Fonts;
			sourceTree = "<group>";
		};
		30A9857620A257FF008E09BE /* Raleway */ = {
			isa = PBXGroup;
			children = (
				30A9857720A257FF008E09BE /* Raleway-BoldItalic.ttf */,
				30A9857820A257FF008E09BE /* Raleway-MediumItalic.ttf */,
				30A9857920A257FF008E09BE /* Raleway-ThinItalic.ttf */,
				30A9857A20A257FF008E09BE /* Raleway-ExtraLight.ttf */,
				30A9857B20A257FF008E09BE /* Raleway-Medium.ttf */,
				30A9857C20A257FF008E09BE /* Raleway-SemiBold.ttf */,
				30A9857D20A257FF008E09BE /* Raleway-ExtraBold.ttf */,
				30A9857E20A257FF008E09BE /* Raleway-ExtraBoldItalic.ttf */,
				30A9857F20A257FF008E09BE /* Raleway-Regular.ttf */,
				30A9858020A257FF008E09BE /* Raleway-ExtraLightItalic.ttf */,
				30A9858120A257FF008E09BE /* Raleway-SemiBoldItalic.ttf */,
				30A9858220A257FF008E09BE /* Raleway-Light.ttf */,
				30A9858320A257FF008E09BE /* Raleway-Black.ttf */,
				30A9858420A257FF008E09BE /* OFL.txt */,
				30A9858520A257FF008E09BE /* Raleway-BlackItalic.ttf */,
				30A9858620A257FF008E09BE /* Raleway-LightItalic.ttf */,
				30A9858720A257FF008E09BE /* Raleway-Thin.ttf */,
				30A9858820A257FF008E09BE /* Raleway-Italic.ttf */,
				30A9858920A257FF008E09BE /* Raleway-Bold.ttf */,
			);
			path = Raleway;
			sourceTree = "<group>";
		};
		30A9859E20A265D7008E09BE /* Globals */ = {
			isa = PBXGroup;
			children = (
				305BF2A320D5BECC003307F7 /* Helpers.swift */,
				30A985A120A2FA4F008E09BE /* GlobalVars.swift */,
			);
			path = Globals;
			sourceTree = "<group>";
		};
		30AAB67420C1FE2A001A9B45 /* RoomConnection */ = {
			isa = PBXGroup;
			children = (
				30A9857120A1630C008E09BE /* JoinCreateRoom_VC.swift */,
				30AAB67220C1FE1D001A9B45 /* ConnRoom_VC.swift */,
				30A9857320A1638C008E09BE /* RoomCreation_VC.swift */,
				30AAB67720C29CE2001A9B45 /* Room+UITextField.swift */,
			);
			path = RoomConnection;
			sourceTree = "<group>";
		};
		30BD89AD2119122A001E6921 /* Cells */ = {
			isa = PBXGroup;
			children = (
				30BD89AE2119123A001E6921 /* PlayerCell.swift */,
				30BD89B1211A496D001E6921 /* LocationCell.swift */,
			);
			path = Cells;
			sourceTree = "<group>";
		};
		30BD89B0211A196E001E6921 /* Locations For Game */ = {
			isa = PBXGroup;
			children = (
				30689128209BF41A001F4EB5 /* Locations.swift */,
			);
			path = "Locations For Game";
			sourceTree = "<group>";
		};
		30E7266B211CD21700BC94A3 /* VotingPopup */ = {
			isa = PBXGroup;
			children = (
				30E7266C211CD25100BC94A3 /* VotingPopup_VC.swift */,
				30E7266E211CD60300BC94A3 /* VotingPopup+UITableView.swift */,
			);
			path = VotingPopup;
			sourceTree = "<group>";
		};
		375A017BBA830323A5DC722F /* Frameworks */ = {
			isa = PBXGroup;
			children = (
				52853931B4746B97C78BCE01 /* Pods_SpyMe.framework */,
			);
			name = Frameworks;
			sourceTree = "<group>";
		};
/* End PBXGroup section */

/* Begin PBXNativeTarget section */
		30689108209944B9001F4EB5 /* SpyMe */ = {
			isa = PBXNativeTarget;
			buildConfigurationList = 3068911E209944B9001F4EB5 /* Build configuration list for PBXNativeTarget "SpyMe" */;
			buildPhases = (
				330053158F8E48D75E2D00AE /* [CP] Check Pods Manifest.lock */,
				30689105209944B9001F4EB5 /* Sources */,
				30689106209944B9001F4EB5 /* Frameworks */,
				30689107209944B9001F4EB5 /* Resources */,
				6215AEF84AD0C0118B7D009E /* [CP] Embed Pods Frameworks */,
			);
			buildRules = (
			);
			dependencies = (
			);
			name = SpyMe;
			productName = SpyMe;
			productReference = 30689109209944B9001F4EB5 /* SpyMe.app */;
			productType = "com.apple.product-type.application";
		};
/* End PBXNativeTarget section */

/* Begin PBXProject section */
		30689101209944B9001F4EB5 /* Project object */ = {
			isa = PBXProject;
			attributes = {
				LastSwiftUpdateCheck = 0920;
				LastUpgradeCheck = 0930;
				ORGANIZATIONNAME = "Danny Navarro";
				TargetAttributes = {
					30689108209944B9001F4EB5 = {
						CreatedOnToolsVersion = 9.2;
						LastSwiftMigration = 0930;
						ProvisioningStyle = Automatic;
						SystemCapabilities = {
							com.apple.Push = {
								enabled = 0;
							};
						};
					};
				};
			};
			buildConfigurationList = 30689104209944B9001F4EB5 /* Build configuration list for PBXProject "SpyMe" */;
			compatibilityVersion = "Xcode 8.0";
			developmentRegion = en;
			hasScannedForEncodings = 0;
			knownRegions = (
				en,
				Base,
			);
			mainGroup = 30689100209944B9001F4EB5;
			productRefGroup = 3068910A209944B9001F4EB5 /* Products */;
			projectDirPath = "";
			projectRoot = "";
			targets = (
				30689108209944B9001F4EB5 /* SpyMe */,
			);
		};
/* End PBXProject section */

/* Begin PBXResourcesBuildPhase section */
		30689107209944B9001F4EB5 /* Resources */ = {
			isa = PBXResourcesBuildPhase;
			buildActionMask = 2147483647;
			files = (
				30A9859420A257FF008E09BE /* Raleway-SemiBoldItalic.ttf in Resources */,
				30A9858D20A257FF008E09BE /* Raleway-ExtraLight.ttf in Resources */,
				30A9859B20A257FF008E09BE /* Raleway-Italic.ttf in Resources */,
				3068911A209944B9001F4EB5 /* LaunchScreen.storyboard in Resources */,
				30689117209944B9001F4EB5 /* Assets.xcassets in Resources */,
				30A9858A20A257FF008E09BE /* Raleway-BoldItalic.ttf in Resources */,
				30A9858E20A257FF008E09BE /* Raleway-Medium.ttf in Resources */,
				30A9859A20A257FF008E09BE /* Raleway-Thin.ttf in Resources */,
				30A9859820A257FF008E09BE /* Raleway-BlackItalic.ttf in Resources */,
				30A9859920A257FF008E09BE /* Raleway-LightItalic.ttf in Resources */,
				30A9858B20A257FF008E09BE /* Raleway-MediumItalic.ttf in Resources */,
				30A9859520A257FF008E09BE /* Raleway-Light.ttf in Resources */,
				30A9858C20A257FF008E09BE /* Raleway-ThinItalic.ttf in Resources */,
				30689112209944B9001F4EB5 /* Main.storyboard in Resources */,
				30A9859120A257FF008E09BE /* Raleway-ExtraBoldItalic.ttf in Resources */,
				30A9859720A257FF008E09BE /* OFL.txt in Resources */,
				30A9859220A257FF008E09BE /* Raleway-Regular.ttf in Resources */,
				30A9859620A257FF008E09BE /* Raleway-Black.ttf in Resources */,
				30A9858F20A257FF008E09BE /* Raleway-SemiBold.ttf in Resources */,
				30A9859320A257FF008E09BE /* Raleway-ExtraLightItalic.ttf in Resources */,
				30A9859C20A257FF008E09BE /* Raleway-Bold.ttf in Resources */,
				30A9859020A257FF008E09BE /* Raleway-ExtraBold.ttf in Resources */,
			);
			runOnlyForDeploymentPostprocessing = 0;
		};
/* End PBXResourcesBuildPhase section */

/* Begin PBXShellScriptBuildPhase section */
		330053158F8E48D75E2D00AE /* [CP] Check Pods Manifest.lock */ = {
			isa = PBXShellScriptBuildPhase;
			buildActionMask = 2147483647;
			files = (
			);
			inputPaths = (
				"${PODS_PODFILE_DIR_PATH}/Podfile.lock",
				"${PODS_ROOT}/Manifest.lock",
			);
			name = "[CP] Check Pods Manifest.lock";
			outputPaths = (
				"$(DERIVED_FILE_DIR)/Pods-SpyMe-checkManifestLockResult.txt",
			);
			runOnlyForDeploymentPostprocessing = 0;
			shellPath = /bin/sh;
			shellScript = "diff \"${PODS_PODFILE_DIR_PATH}/Podfile.lock\" \"${PODS_ROOT}/Manifest.lock\" > /dev/null\nif [ $? != 0 ] ; then\n    # print error to STDERR\n    echo \"error: The sandbox is not in sync with the Podfile.lock. Run 'pod install' or update your CocoaPods installation.\" >&2\n    exit 1\nfi\n# This output is used by Xcode 'outputs' to avoid re-running this script phase.\necho \"SUCCESS\" > \"${SCRIPT_OUTPUT_FILE_0}\"\n";
			showEnvVarsInLog = 0;
		};
		6215AEF84AD0C0118B7D009E /* [CP] Embed Pods Frameworks */ = {
			isa = PBXShellScriptBuildPhase;
			buildActionMask = 2147483647;
			files = (
			);
			inputPaths = (
				"${SRCROOT}/Pods/Target Support Files/Pods-SpyMe/Pods-SpyMe-frameworks.sh",
				"${BUILT_PRODUCTS_DIR}/Bolts/Bolts.framework",
				"${BUILT_PRODUCTS_DIR}/Parse/Parse.framework",
			);
			name = "[CP] Embed Pods Frameworks";
			outputPaths = (
				"${TARGET_BUILD_DIR}/${FRAMEWORKS_FOLDER_PATH}/Bolts.framework",
				"${TARGET_BUILD_DIR}/${FRAMEWORKS_FOLDER_PATH}/Parse.framework",
			);
			runOnlyForDeploymentPostprocessing = 0;
			shellPath = /bin/sh;
			shellScript = "\"${SRCROOT}/Pods/Target Support Files/Pods-SpyMe/Pods-SpyMe-frameworks.sh\"\n";
			showEnvVarsInLog = 0;
		};
/* End PBXShellScriptBuildPhase section */

/* Begin PBXSourcesBuildPhase section */
		30689105209944B9001F4EB5 /* Sources */ = {
			isa = PBXSourcesBuildPhase;
			buildActionMask = 2147483647;
			files = (
				30E7266D211CD25100BC94A3 /* VotingPopup_VC.swift in Sources */,
				30BD89B4211A5319001E6921 /* GameRoom+UITableView.swift in Sources */,
				30A9856E20A15F88008E09BE /* UIStoryboard+Loader.swift in Sources */,
				30689129209BF41A001F4EB5 /* Locations.swift in Sources */,
				30BD89AC21191179001E6921 /* GameQueue+UITableView.swift in Sources */,
				30E7266F211CD60300BC94A3 /* VotingPopup+UITableView.swift in Sources */,
				3020B87320D36F8D00B17F6B /* UIAlert+Custom.swift in Sources */,
				30A9855E209FD1EA008E09BE /* GameRoomProtocol.swift in Sources */,
				30689125209BF145001F4EB5 /* Civilian.swift in Sources */,
				30A98554209E9BF5008E09BE /* GameRoomViewModel.swift in Sources */,
				30689115209944B9001F4EB5 /* SpyMe.xcdatamodeld in Sources */,
				30A9857020A16225008E09BE /* NameCreation_VC.swift in Sources */,
				300B82B92117088300F31DD1 /* ParseCloudFunctions.swift in Sources */,
				30AAB67320C1FE1D001A9B45 /* ConnRoom_VC.swift in Sources */,
				30BD89AF2119123A001E6921 /* PlayerCell.swift in Sources */,
				30A985A220A2FA4F008E09BE /* GlobalVars.swift in Sources */,
				30A9856320A14090008E09BE /* GameRoom_VC.swift in Sources */,
				305BF2A420D5BECC003307F7 /* Helpers.swift in Sources */,
				30AAB67620C29028001A9B45 /* NameCreation+UITextField.swift in Sources */,
				30E7266A211BABFC00BC94A3 /* Dynamic.swift in Sources */,
				30BD89B2211A496D001E6921 /* LocationCell.swift in Sources */,
				30F7766120B8070D00DD29D0 /* UITextField+Custom.swift in Sources */,
				30AAB67820C29CE2001A9B45 /* Room+UITextField.swift in Sources */,
				30A9856820A14EB2008E09BE /* GameQueue_VC.swift in Sources */,
				3068910F209944B9001F4EB5 /* HomeViewController.swift in Sources */,
				30A9857220A1630C008E09BE /* JoinCreateRoom_VC.swift in Sources */,
				3068910D209944B9001F4EB5 /* AppDelegate.swift in Sources */,
				30A9857420A1638C008E09BE /* RoomCreation_VC.swift in Sources */,
				3068912B209BF4E7001F4EB5 /* SpyGame.swift in Sources */,
				30689127209BF16C001F4EB5 /* Room.swift in Sources */,
			);
			runOnlyForDeploymentPostprocessing = 0;
		};
/* End PBXSourcesBuildPhase section */

/* Begin PBXVariantGroup section */
		30689110209944B9001F4EB5 /* Main.storyboard */ = {
			isa = PBXVariantGroup;
			children = (
				30689111209944B9001F4EB5 /* Base */,
			);
			name = Main.storyboard;
			sourceTree = "<group>";
		};
		30689118209944B9001F4EB5 /* LaunchScreen.storyboard */ = {
			isa = PBXVariantGroup;
			children = (
				30689119209944B9001F4EB5 /* Base */,
			);
			name = LaunchScreen.storyboard;
			sourceTree = "<group>";
		};
/* End PBXVariantGroup section */

/* Begin XCBuildConfiguration section */
		3068911C209944B9001F4EB5 /* Debug */ = {
			isa = XCBuildConfiguration;
			buildSettings = {
				ALWAYS_SEARCH_USER_PATHS = NO;
				CLANG_ANALYZER_NONNULL = YES;
				CLANG_ANALYZER_NUMBER_OBJECT_CONVERSION = YES_AGGRESSIVE;
				CLANG_CXX_LANGUAGE_STANDARD = "gnu++14";
				CLANG_CXX_LIBRARY = "libc++";
				CLANG_ENABLE_MODULES = YES;
				CLANG_ENABLE_OBJC_ARC = YES;
				CLANG_WARN_BLOCK_CAPTURE_AUTORELEASING = YES;
				CLANG_WARN_BOOL_CONVERSION = YES;
				CLANG_WARN_COMMA = YES;
				CLANG_WARN_CONSTANT_CONVERSION = YES;
				CLANG_WARN_DEPRECATED_OBJC_IMPLEMENTATIONS = YES;
				CLANG_WARN_DIRECT_OBJC_ISA_USAGE = YES_ERROR;
				CLANG_WARN_DOCUMENTATION_COMMENTS = YES;
				CLANG_WARN_EMPTY_BODY = YES;
				CLANG_WARN_ENUM_CONVERSION = YES;
				CLANG_WARN_INFINITE_RECURSION = YES;
				CLANG_WARN_INT_CONVERSION = YES;
				CLANG_WARN_NON_LITERAL_NULL_CONVERSION = YES;
				CLANG_WARN_OBJC_IMPLICIT_RETAIN_SELF = YES;
				CLANG_WARN_OBJC_LITERAL_CONVERSION = YES;
				CLANG_WARN_OBJC_ROOT_CLASS = YES_ERROR;
				CLANG_WARN_RANGE_LOOP_ANALYSIS = YES;
				CLANG_WARN_STRICT_PROTOTYPES = YES;
				CLANG_WARN_SUSPICIOUS_MOVE = YES;
				CLANG_WARN_UNGUARDED_AVAILABILITY = YES_AGGRESSIVE;
				CLANG_WARN_UNREACHABLE_CODE = YES;
				CLANG_WARN__DUPLICATE_METHOD_MATCH = YES;
				CODE_SIGN_IDENTITY = "iPhone Developer";
				COPY_PHASE_STRIP = NO;
				DEBUG_INFORMATION_FORMAT = dwarf;
				ENABLE_STRICT_OBJC_MSGSEND = YES;
				ENABLE_TESTABILITY = YES;
				GCC_C_LANGUAGE_STANDARD = gnu11;
				GCC_DYNAMIC_NO_PIC = NO;
				GCC_NO_COMMON_BLOCKS = YES;
				GCC_OPTIMIZATION_LEVEL = 0;
				GCC_PREPROCESSOR_DEFINITIONS = (
					"DEBUG=1",
					"$(inherited)",
				);
				GCC_WARN_64_TO_32_BIT_CONVERSION = YES;
				GCC_WARN_ABOUT_RETURN_TYPE = YES_ERROR;
				GCC_WARN_UNDECLARED_SELECTOR = YES;
				GCC_WARN_UNINITIALIZED_AUTOS = YES_AGGRESSIVE;
				GCC_WARN_UNUSED_FUNCTION = YES;
				GCC_WARN_UNUSED_VARIABLE = YES;
				IPHONEOS_DEPLOYMENT_TARGET = 11.3;
				MTL_ENABLE_DEBUG_INFO = YES;
				ONLY_ACTIVE_ARCH = YES;
				SDKROOT = iphoneos;
				SWIFT_ACTIVE_COMPILATION_CONDITIONS = DEBUG;
				SWIFT_OPTIMIZATION_LEVEL = "-Onone";
			};
			name = Debug;
		};
		3068911D209944B9001F4EB5 /* Release */ = {
			isa = XCBuildConfiguration;
			buildSettings = {
				ALWAYS_SEARCH_USER_PATHS = NO;
				CLANG_ANALYZER_NONNULL = YES;
				CLANG_ANALYZER_NUMBER_OBJECT_CONVERSION = YES_AGGRESSIVE;
				CLANG_CXX_LANGUAGE_STANDARD = "gnu++14";
				CLANG_CXX_LIBRARY = "libc++";
				CLANG_ENABLE_MODULES = YES;
				CLANG_ENABLE_OBJC_ARC = YES;
				CLANG_WARN_BLOCK_CAPTURE_AUTORELEASING = YES;
				CLANG_WARN_BOOL_CONVERSION = YES;
				CLANG_WARN_COMMA = YES;
				CLANG_WARN_CONSTANT_CONVERSION = YES;
				CLANG_WARN_DEPRECATED_OBJC_IMPLEMENTATIONS = YES;
				CLANG_WARN_DIRECT_OBJC_ISA_USAGE = YES_ERROR;
				CLANG_WARN_DOCUMENTATION_COMMENTS = YES;
				CLANG_WARN_EMPTY_BODY = YES;
				CLANG_WARN_ENUM_CONVERSION = YES;
				CLANG_WARN_INFINITE_RECURSION = YES;
				CLANG_WARN_INT_CONVERSION = YES;
				CLANG_WARN_NON_LITERAL_NULL_CONVERSION = YES;
				CLANG_WARN_OBJC_IMPLICIT_RETAIN_SELF = YES;
				CLANG_WARN_OBJC_LITERAL_CONVERSION = YES;
				CLANG_WARN_OBJC_ROOT_CLASS = YES_ERROR;
				CLANG_WARN_RANGE_LOOP_ANALYSIS = YES;
				CLANG_WARN_STRICT_PROTOTYPES = YES;
				CLANG_WARN_SUSPICIOUS_MOVE = YES;
				CLANG_WARN_UNGUARDED_AVAILABILITY = YES_AGGRESSIVE;
				CLANG_WARN_UNREACHABLE_CODE = YES;
				CLANG_WARN__DUPLICATE_METHOD_MATCH = YES;
				CODE_SIGN_IDENTITY = "iPhone Developer";
				COPY_PHASE_STRIP = NO;
				DEBUG_INFORMATION_FORMAT = "dwarf-with-dsym";
				ENABLE_NS_ASSERTIONS = NO;
				ENABLE_STRICT_OBJC_MSGSEND = YES;
				GCC_C_LANGUAGE_STANDARD = gnu11;
				GCC_NO_COMMON_BLOCKS = YES;
				GCC_WARN_64_TO_32_BIT_CONVERSION = YES;
				GCC_WARN_ABOUT_RETURN_TYPE = YES_ERROR;
				GCC_WARN_UNDECLARED_SELECTOR = YES;
				GCC_WARN_UNINITIALIZED_AUTOS = YES_AGGRESSIVE;
				GCC_WARN_UNUSED_FUNCTION = YES;
				GCC_WARN_UNUSED_VARIABLE = YES;
				IPHONEOS_DEPLOYMENT_TARGET = 11.3;
				MTL_ENABLE_DEBUG_INFO = NO;
				SDKROOT = iphoneos;
				SWIFT_OPTIMIZATION_LEVEL = "-Owholemodule";
				VALIDATE_PRODUCT = YES;
			};
			name = Release;
		};
		3068911F209944B9001F4EB5 /* Debug */ = {
			isa = XCBuildConfiguration;
			baseConfigurationReference = 4BD0F8C11AA203B44A031CA7 /* Pods-SpyMe.debug.xcconfig */;
			buildSettings = {
				ASSETCATALOG_COMPILER_APPICON_NAME = AppIcon;
				CLANG_ENABLE_MODULES = YES;
				CODE_SIGN_STYLE = Automatic;
				DEVELOPMENT_TEAM = 6H23PX874P;
				INFOPLIST_FILE = SpyMe/Info.plist;
				LD_RUNPATH_SEARCH_PATHS = "$(inherited) @executable_path/Frameworks";
				PRODUCT_BUNDLE_IDENTIFIER = com.SpyMe;
				PRODUCT_NAME = "$(TARGET_NAME)";
				SWIFT_OBJC_BRIDGING_HEADER = "SpyMe/SpyMe-Bridging-Header.h";
				SWIFT_OPTIMIZATION_LEVEL = "-Onone";
				SWIFT_VERSION = 4.0;
				TARGETED_DEVICE_FAMILY = "1,2";
			};
			name = Debug;
		};
		30689120209944B9001F4EB5 /* Release */ = {
			isa = XCBuildConfiguration;
			baseConfigurationReference = 6116FA91700DE9739E304DE1 /* Pods-SpyMe.release.xcconfig */;
			buildSettings = {
				ASSETCATALOG_COMPILER_APPICON_NAME = AppIcon;
				CLANG_ENABLE_MODULES = YES;
				CODE_SIGN_STYLE = Automatic;
				DEVELOPMENT_TEAM = 6H23PX874P;
				INFOPLIST_FILE = SpyMe/Info.plist;
				LD_RUNPATH_SEARCH_PATHS = "$(inherited) @executable_path/Frameworks";
				PRODUCT_BUNDLE_IDENTIFIER = com.SpyMe;
				PRODUCT_NAME = "$(TARGET_NAME)";
				SWIFT_OBJC_BRIDGING_HEADER = "SpyMe/SpyMe-Bridging-Header.h";
				SWIFT_VERSION = 4.0;
				TARGETED_DEVICE_FAMILY = "1,2";
			};
			name = Release;
		};
/* End XCBuildConfiguration section */

/* Begin XCConfigurationList section */
		30689104209944B9001F4EB5 /* Build configuration list for PBXProject "SpyMe" */ = {
			isa = XCConfigurationList;
			buildConfigurations = (
				3068911C209944B9001F4EB5 /* Debug */,
				3068911D209944B9001F4EB5 /* Release */,
			);
			defaultConfigurationIsVisible = 0;
			defaultConfigurationName = Release;
		};
		3068911E209944B9001F4EB5 /* Build configuration list for PBXNativeTarget "SpyMe" */ = {
			isa = XCConfigurationList;
			buildConfigurations = (
				3068911F209944B9001F4EB5 /* Debug */,
				30689120209944B9001F4EB5 /* Release */,
			);
			defaultConfigurationIsVisible = 0;
			defaultConfigurationName = Release;
		};
/* End XCConfigurationList section */

/* Begin XCVersionGroup section */
		30689113209944B9001F4EB5 /* SpyMe.xcdatamodeld */ = {
			isa = XCVersionGroup;
			children = (
				30689114209944B9001F4EB5 /* SpyMe.xcdatamodel */,
			);
			currentVersion = 30689114209944B9001F4EB5 /* SpyMe.xcdatamodel */;
			path = SpyMe.xcdatamodeld;
			sourceTree = "<group>";
			versionGroupType = wrapper.xcdatamodel;
		};
/* End XCVersionGroup section */
	};
	rootObject = 30689101209944B9001F4EB5 /* Project object */;
}
