// !$*UTF8*$!
{
	archiveVersion = 1;
	classes = {
	};
	objectVersion = 48;
	objects = {

/* Begin PBXBuildFile section */
		300D323F2047AB3F004382A0 /* HelperFunctions.swift in Sources */ = {isa = PBXBuildFile; fileRef = 300D323E2047AB3F004382A0 /* HelperFunctions.swift */; };
		3011CEED203442C900AB71F0 /* AppDelegate.swift in Sources */ = {isa = PBXBuildFile; fileRef = 3011CEEC203442C900AB71F0 /* AppDelegate.swift */; };
		3011CEEF203442C900AB71F0 /* Decisions_VC.swift in Sources */ = {isa = PBXBuildFile; fileRef = 3011CEEE203442C900AB71F0 /* Decisions_VC.swift */; };
		3011CEF2203442C900AB71F0 /* Main.storyboard in Resources */ = {isa = PBXBuildFile; fileRef = 3011CEF0203442C900AB71F0 /* Main.storyboard */; };
		3011CEF4203442C900AB71F0 /* Assets.xcassets in Resources */ = {isa = PBXBuildFile; fileRef = 3011CEF3203442C900AB71F0 /* Assets.xcassets */; };
		3011CEF7203442C900AB71F0 /* LaunchScreen.storyboard in Resources */ = {isa = PBXBuildFile; fileRef = 3011CEF5203442C900AB71F0 /* LaunchScreen.storyboard */; };
		305157CD2035B3F00061BA0F /* Decision.swift in Sources */ = {isa = PBXBuildFile; fileRef = 305157CC2035B3F00061BA0F /* Decision.swift */; };
		305157D6203ACD390061BA0F /* TextFieldCell.swift in Sources */ = {isa = PBXBuildFile; fileRef = 305157D5203ACD390061BA0F /* TextFieldCell.swift */; };
		30658B95207C5DEE0030018B /* DisplayDecision_VC.swift in Sources */ = {isa = PBXBuildFile; fileRef = 30658B94207C5DEE0030018B /* DisplayDecision_VC.swift */; };
		30774CD020466EA100CB5A16 /* Globals.swift in Sources */ = {isa = PBXBuildFile; fileRef = 30774CCF20466EA100CB5A16 /* Globals.swift */; };
		30C2DF702075C6DD0083E5A8 /* GoogleImage.swift in Sources */ = {isa = PBXBuildFile; fileRef = 30C2DF6F2075C6DD0083E5A8 /* GoogleImage.swift */; };
		30FDA26E205C747B00786874 /* DecisionPackage.swift in Sources */ = {isa = PBXBuildFile; fileRef = 30FDA26D205C747B00786874 /* DecisionPackage.swift */; };
/* End PBXBuildFile section */

/* Begin PBXFileReference section */
		300D323E2047AB3F004382A0 /* HelperFunctions.swift */ = {isa = PBXFileReference; lastKnownFileType = sourcecode.swift; path = HelperFunctions.swift; sourceTree = "<group>"; };
		3011CEE9203442C900AB71F0 /* Easy Decision.app */ = {isa = PBXFileReference; explicitFileType = wrapper.application; includeInIndex = 0; path = "Easy Decision.app"; sourceTree = BUILT_PRODUCTS_DIR; };
		3011CEEC203442C900AB71F0 /* AppDelegate.swift */ = {isa = PBXFileReference; lastKnownFileType = sourcecode.swift; path = AppDelegate.swift; sourceTree = "<group>"; };
		3011CEEE203442C900AB71F0 /* Decisions_VC.swift */ = {isa = PBXFileReference; lastKnownFileType = sourcecode.swift; path = Decisions_VC.swift; sourceTree = "<group>"; };
		3011CEF1203442C900AB71F0 /* Base */ = {isa = PBXFileReference; lastKnownFileType = file.storyboard; name = Base; path = Base.lproj/Main.storyboard; sourceTree = "<group>"; };
		3011CEF3203442C900AB71F0 /* Assets.xcassets */ = {isa = PBXFileReference; lastKnownFileType = folder.assetcatalog; path = Assets.xcassets; sourceTree = "<group>"; };
		3011CEF6203442C900AB71F0 /* Base */ = {isa = PBXFileReference; lastKnownFileType = file.storyboard; name = Base; path = Base.lproj/LaunchScreen.storyboard; sourceTree = "<group>"; };
		3011CEF8203442CA00AB71F0 /* Info.plist */ = {isa = PBXFileReference; lastKnownFileType = text.plist.xml; path = Info.plist; sourceTree = "<group>"; };
		305157CC2035B3F00061BA0F /* Decision.swift */ = {isa = PBXFileReference; lastKnownFileType = sourcecode.swift; path = Decision.swift; sourceTree = "<group>"; };
		305157D5203ACD390061BA0F /* TextFieldCell.swift */ = {isa = PBXFileReference; lastKnownFileType = sourcecode.swift; path = TextFieldCell.swift; sourceTree = "<group>"; };
		30658B94207C5DEE0030018B /* DisplayDecision_VC.swift */ = {isa = PBXFileReference; lastKnownFileType = sourcecode.swift; path = DisplayDecision_VC.swift; sourceTree = "<group>"; };
		30774CCF20466EA100CB5A16 /* Globals.swift */ = {isa = PBXFileReference; lastKnownFileType = sourcecode.swift; path = Globals.swift; sourceTree = "<group>"; };
		30C2DF6F2075C6DD0083E5A8 /* GoogleImage.swift */ = {isa = PBXFileReference; lastKnownFileType = sourcecode.swift; path = GoogleImage.swift; sourceTree = "<group>"; };
		30FDA26D205C747B00786874 /* DecisionPackage.swift */ = {isa = PBXFileReference; lastKnownFileType = sourcecode.swift; path = DecisionPackage.swift; sourceTree = "<group>"; };
/* End PBXFileReference section */

/* Begin PBXFrameworksBuildPhase section */
		3011CEE6203442C900AB71F0 /* Frameworks */ = {
			isa = PBXFrameworksBuildPhase;
			buildActionMask = 2147483647;
			files = (
			);
			runOnlyForDeploymentPostprocessing = 0;
		};
/* End PBXFrameworksBuildPhase section */

/* Begin PBXGroup section */
		3011CEE0203442C900AB71F0 = {
			isa = PBXGroup;
			children = (
				3011CEEB203442C900AB71F0 /* Easy Decision */,
				3011CEEA203442C900AB71F0 /* Products */,
			);
			sourceTree = "<group>";
		};
		3011CEEA203442C900AB71F0 /* Products */ = {
			isa = PBXGroup;
			children = (
				3011CEE9203442C900AB71F0 /* Easy Decision.app */,
			);
			name = Products;
			sourceTree = "<group>";
		};
		3011CEEB203442C900AB71F0 /* Easy Decision */ = {
			isa = PBXGroup;
			children = (
				3011CF012034446500AB71F0 /* Resource */,
				3011CEFF2034444000AB71F0 /* Model */,
				3011CEFE2034442100AB71F0 /* View */,
				3011CF002034444B00AB71F0 /* Controller */,
				3011CEEC203442C900AB71F0 /* AppDelegate.swift */,
				3011CEF8203442CA00AB71F0 /* Info.plist */,
			);
			path = "Easy Decision";
			sourceTree = "<group>";
		};
		3011CEFE2034442100AB71F0 /* View */ = {
			isa = PBXGroup;
			children = (
				305157D5203ACD390061BA0F /* TextFieldCell.swift */,
				3011CEF0203442C900AB71F0 /* Main.storyboard */,
				3011CEF5203442C900AB71F0 /* LaunchScreen.storyboard */,
			);
			path = View;
			sourceTree = "<group>";
		};
		3011CEFF2034444000AB71F0 /* Model */ = {
			isa = PBXGroup;
			children = (
				305157CC2035B3F00061BA0F /* Decision.swift */,
				30C2DF6F2075C6DD0083E5A8 /* GoogleImage.swift */,
				30FDA26D205C747B00786874 /* DecisionPackage.swift */,
			);
			path = Model;
			sourceTree = "<group>";
		};
		3011CF002034444B00AB71F0 /* Controller */ = {
			isa = PBXGroup;
			children = (
				3011CEEE203442C900AB71F0 /* Decisions_VC.swift */,
				30658B94207C5DEE0030018B /* DisplayDecision_VC.swift */,
			);
			path = Controller;
			sourceTree = "<group>";
		};
		3011CF012034446500AB71F0 /* Resource */ = {
			isa = PBXGroup;
			children = (
				3011CEF3203442C900AB71F0 /* Assets.xcassets */,
				30774CCF20466EA100CB5A16 /* Globals.swift */,
				300D323E2047AB3F004382A0 /* HelperFunctions.swift */,
			);
			path = Resource;
			sourceTree = "<group>";
		};
/* End PBXGroup section */

/* Begin PBXNativeTarget section */
		3011CEE8203442C900AB71F0 /* Easy Decision */ = {
			isa = PBXNativeTarget;
			buildConfigurationList = 3011CEFB203442CA00AB71F0 /* Build configuration list for PBXNativeTarget "Easy Decision" */;
			buildPhases = (
				3011CEE5203442C900AB71F0 /* Sources */,
				3011CEE6203442C900AB71F0 /* Frameworks */,
				3011CEE7203442C900AB71F0 /* Resources */,
			);
			buildRules = (
			);
			dependencies = (
			);
			name = "Easy Decision";
			productName = "Easy Decision";
			productReference = 3011CEE9203442C900AB71F0 /* Easy Decision.app */;
			productType = "com.apple.product-type.application";
		};
/* End PBXNativeTarget section */

/* Begin PBXProject section */
		3011CEE1203442C900AB71F0 /* Project object */ = {
			isa = PBXProject;
			attributes = {
				LastSwiftUpdateCheck = 0920;
				LastUpgradeCheck = 0940;
				TargetAttributes = {
					3011CEE8203442C900AB71F0 = {
						CreatedOnToolsVersion = 9.2;
						ProvisioningStyle = Automatic;
					};
				};
			};
			buildConfigurationList = 3011CEE4203442C900AB71F0 /* Build configuration list for PBXProject "Easy Decision" */;
			compatibilityVersion = "Xcode 8.0";
			developmentRegion = en;
			hasScannedForEncodings = 0;
			knownRegions = (
				en,
				Base,
			);
			mainGroup = 3011CEE0203442C900AB71F0;
			productRefGroup = 3011CEEA203442C900AB71F0 /* Products */;
			projectDirPath = "";
			projectRoot = "";
			targets = (
				3011CEE8203442C900AB71F0 /* Easy Decision */,
			);
		};
/* End PBXProject section */

/* Begin PBXResourcesBuildPhase section */
		3011CEE7203442C900AB71F0 /* Resources */ = {
			isa = PBXResourcesBuildPhase;
			buildActionMask = 2147483647;
			files = (
				3011CEF7203442C900AB71F0 /* LaunchScreen.storyboard in Resources */,
				3011CEF4203442C900AB71F0 /* Assets.xcassets in Resources */,
				3011CEF2203442C900AB71F0 /* Main.storyboard in Resources */,
			);
			runOnlyForDeploymentPostprocessing = 0;
		};
/* End PBXResourcesBuildPhase section */

/* Begin PBXSourcesBuildPhase section */
		3011CEE5203442C900AB71F0 /* Sources */ = {
			isa = PBXSourcesBuildPhase;
			buildActionMask = 2147483647;
			files = (
				30658B95207C5DEE0030018B /* DisplayDecision_VC.swift in Sources */,
				3011CEEF203442C900AB71F0 /* Decisions_VC.swift in Sources */,
				3011CEED203442C900AB71F0 /* AppDelegate.swift in Sources */,
				30FDA26E205C747B00786874 /* DecisionPackage.swift in Sources */,
				305157CD2035B3F00061BA0F /* Decision.swift in Sources */,
				30C2DF702075C6DD0083E5A8 /* GoogleImage.swift in Sources */,
				30774CD020466EA100CB5A16 /* Globals.swift in Sources */,
				305157D6203ACD390061BA0F /* TextFieldCell.swift in Sources */,
				300D323F2047AB3F004382A0 /* HelperFunctions.swift in Sources */,
			);
			runOnlyForDeploymentPostprocessing = 0;
		};
/* End PBXSourcesBuildPhase section */

/* Begin PBXVariantGroup section */
		3011CEF0203442C900AB71F0 /* Main.storyboard */ = {
			isa = PBXVariantGroup;
			children = (
				3011CEF1203442C900AB71F0 /* Base */,
			);
			name = Main.storyboard;
			sourceTree = "<group>";
		};
		3011CEF5203442C900AB71F0 /* LaunchScreen.storyboard */ = {
			isa = PBXVariantGroup;
			children = (
				3011CEF6203442C900AB71F0 /* Base */,
			);
			name = LaunchScreen.storyboard;
			sourceTree = "<group>";
		};
/* End PBXVariantGroup section */

/* Begin XCBuildConfiguration section */
		3011CEF9203442CA00AB71F0 /* Debug */ = {
			isa = XCBuildConfiguration;
			buildSettings = {
				ALWAYS_SEARCH_USER_PATHS = NO;
				CLANG_ANALYZER_NONNULL = YES;
				CLANG_ANALYZER_NUMBER_OBJECT_CONVERSION = YES_AGGRESSIVE;
				CLANG_CXX_LANGUAGE_STANDARD = "gnu++14";
				CLANG_CXX_LIBRARY = "libc++";
				CLANG_ENABLE_MODULES = YES;
				CLANG_ENABLE_OBJC_ARC = YES;
				CLANG_WARN_BLOCK_CAPTURE_AUTORELEASING = YES;
				CLANG_WARN_BOOL_CONVERSION = YES;
				CLANG_WARN_COMMA = YES;
				CLANG_WARN_CONSTANT_CONVERSION = YES;
				CLANG_WARN_DEPRECATED_OBJC_IMPLEMENTATIONS = YES;
				CLANG_WARN_DIRECT_OBJC_ISA_USAGE = YES_ERROR;
				CLANG_WARN_DOCUMENTATION_COMMENTS = YES;
				CLANG_WARN_EMPTY_BODY = YES;
				CLANG_WARN_ENUM_CONVERSION = YES;
				CLANG_WARN_INFINITE_RECURSION = YES;
				CLANG_WARN_INT_CONVERSION = YES;
				CLANG_WARN_NON_LITERAL_NULL_CONVERSION = YES;
				CLANG_WARN_OBJC_IMPLICIT_RETAIN_SELF = YES;
				CLANG_WARN_OBJC_LITERAL_CONVERSION = YES;
				CLANG_WARN_OBJC_ROOT_CLASS = YES_ERROR;
				CLANG_WARN_RANGE_LOOP_ANALYSIS = YES;
				CLANG_WARN_STRICT_PROTOTYPES = YES;
				CLANG_WARN_SUSPICIOUS_MOVE = YES;
				CLANG_WARN_UNGUARDED_AVAILABILITY = YES_AGGRESSIVE;
				CLANG_WARN_UNREACHABLE_CODE = YES;
				CLANG_WARN__DUPLICATE_METHOD_MATCH = YES;
				CODE_SIGN_IDENTITY = "iPhone Developer";
				COPY_PHASE_STRIP = NO;
				DEBUG_INFORMATION_FORMAT = dwarf;
				ENABLE_STRICT_OBJC_MSGSEND = YES;
				ENABLE_TESTABILITY = YES;
				GCC_C_LANGUAGE_STANDARD = gnu11;
				GCC_DYNAMIC_NO_PIC = NO;
				GCC_NO_COMMON_BLOCKS = YES;
				GCC_OPTIMIZATION_LEVEL = 0;
				GCC_PREPROCESSOR_DEFINITIONS = (
					"DEBUG=1",
					"$(inherited)",
				);
				GCC_WARN_64_TO_32_BIT_CONVERSION = YES;
				GCC_WARN_ABOUT_RETURN_TYPE = YES_ERROR;
				GCC_WARN_UNDECLARED_SELECTOR = YES;
				GCC_WARN_UNINITIALIZED_AUTOS = YES_AGGRESSIVE;
				GCC_WARN_UNUSED_FUNCTION = YES;
				GCC_WARN_UNUSED_VARIABLE = YES;
				IPHONEOS_DEPLOYMENT_TARGET = 11.4;
				MTL_ENABLE_DEBUG_INFO = YES;
				ONLY_ACTIVE_ARCH = YES;
				SDKROOT = iphoneos;
				SWIFT_ACTIVE_COMPILATION_CONDITIONS = DEBUG;
				SWIFT_OPTIMIZATION_LEVEL = "-Onone";
			};
			name = Debug;
		};
		3011CEFA203442CA00AB71F0 /* Release */ = {
			isa = XCBuildConfiguration;
			buildSettings = {
				ALWAYS_SEARCH_USER_PATHS = NO;
				CLANG_ANALYZER_NONNULL = YES;
				CLANG_ANALYZER_NUMBER_OBJECT_CONVERSION = YES_AGGRESSIVE;
				CLANG_CXX_LANGUAGE_STANDARD = "gnu++14";
				CLANG_CXX_LIBRARY = "libc++";
				CLANG_ENABLE_MODULES = YES;
				CLANG_ENABLE_OBJC_ARC = YES;
				CLANG_WARN_BLOCK_CAPTURE_AUTORELEASING = YES;
				CLANG_WARN_BOOL_CONVERSION = YES;
				CLANG_WARN_COMMA = YES;
				CLANG_WARN_CONSTANT_CONVERSION = YES;
				CLANG_WARN_DEPRECATED_OBJC_IMPLEMENTATIONS = YES;
				CLANG_WARN_DIRECT_OBJC_ISA_USAGE = YES_ERROR;
				CLANG_WARN_DOCUMENTATION_COMMENTS = YES;
				CLANG_WARN_EMPTY_BODY = YES;
				CLANG_WARN_ENUM_CONVERSION = YES;
				CLANG_WARN_INFINITE_RECURSION = YES;
				CLANG_WARN_INT_CONVERSION = YES;
				CLANG_WARN_NON_LITERAL_NULL_CONVERSION = YES;
				CLANG_WARN_OBJC_IMPLICIT_RETAIN_SELF = YES;
				CLANG_WARN_OBJC_LITERAL_CONVERSION = YES;
				CLANG_WARN_OBJC_ROOT_CLASS = YES_ERROR;
				CLANG_WARN_RANGE_LOOP_ANALYSIS = YES;
				CLANG_WARN_STRICT_PROTOTYPES = YES;
				CLANG_WARN_SUSPICIOUS_MOVE = YES;
				CLANG_WARN_UNGUARDED_AVAILABILITY = YES_AGGRESSIVE;
				CLANG_WARN_UNREACHABLE_CODE = YES;
				CLANG_WARN__DUPLICATE_METHOD_MATCH = YES;
				CODE_SIGN_IDENTITY = "iPhone Developer";
				COPY_PHASE_STRIP = NO;
				DEBUG_INFORMATION_FORMAT = "dwarf-with-dsym";
				ENABLE_NS_ASSERTIONS = NO;
				ENABLE_STRICT_OBJC_MSGSEND = YES;
				GCC_C_LANGUAGE_STANDARD = gnu11;
				GCC_NO_COMMON_BLOCKS = YES;
				GCC_WARN_64_TO_32_BIT_CONVERSION = YES;
				GCC_WARN_ABOUT_RETURN_TYPE = YES_ERROR;
				GCC_WARN_UNDECLARED_SELECTOR = YES;
				GCC_WARN_UNINITIALIZED_AUTOS = YES_AGGRESSIVE;
				GCC_WARN_UNUSED_FUNCTION = YES;
				GCC_WARN_UNUSED_VARIABLE = YES;
				IPHONEOS_DEPLOYMENT_TARGET = 11.4;
				MTL_ENABLE_DEBUG_INFO = NO;
				SDKROOT = iphoneos;
				SWIFT_OPTIMIZATION_LEVEL = "-Owholemodule";
				VALIDATE_PRODUCT = YES;
			};
			name = Release;
		};
		3011CEFC203442CA00AB71F0 /* Debug */ = {
			isa = XCBuildConfiguration;
			buildSettings = {
				ASSETCATALOG_COMPILER_APPICON_NAME = AppIcon;
				CODE_SIGN_STYLE = Automatic;
				DEVELOPMENT_TEAM = 6H23PX874P;
				INFOPLIST_FILE = "Easy Decision/Info.plist";
				IPHONEOS_DEPLOYMENT_TARGET = 11.4;
				LD_RUNPATH_SEARCH_PATHS = "$(inherited) @executable_path/Frameworks";
				PRODUCT_BUNDLE_IDENTIFIER = "com.SimplyTools.Easy-Decision";
				PRODUCT_NAME = "$(TARGET_NAME)";
				SWIFT_VERSION = 4.0;
				TARGETED_DEVICE_FAMILY = "1,2";
			};
			name = Debug;
		};
		3011CEFD203442CA00AB71F0 /* Release */ = {
			isa = XCBuildConfiguration;
			buildSettings = {
				ASSETCATALOG_COMPILER_APPICON_NAME = AppIcon;
				CODE_SIGN_STYLE = Automatic;
				DEVELOPMENT_TEAM = 6H23PX874P;
				INFOPLIST_FILE = "Easy Decision/Info.plist";
				IPHONEOS_DEPLOYMENT_TARGET = 11.4;
				LD_RUNPATH_SEARCH_PATHS = "$(inherited) @executable_path/Frameworks";
				PRODUCT_BUNDLE_IDENTIFIER = "com.SimplyTools.Easy-Decision";
				PRODUCT_NAME = "$(TARGET_NAME)";
				SWIFT_VERSION = 4.0;
				TARGETED_DEVICE_FAMILY = "1,2";
			};
			name = Release;
		};
/* End XCBuildConfiguration section */

/* Begin XCConfigurationList section */
		3011CEE4203442C900AB71F0 /* Build configuration list for PBXProject "Easy Decision" */ = {
			isa = XCConfigurationList;
			buildConfigurations = (
				3011CEF9203442CA00AB71F0 /* Debug */,
				3011CEFA203442CA00AB71F0 /* Release */,
			);
			defaultConfigurationIsVisible = 0;
			defaultConfigurationName = Release;
		};
		3011CEFB203442CA00AB71F0 /* Build configuration list for PBXNativeTarget "Easy Decision" */ = {
			isa = XCConfigurationList;
			buildConfigurations = (
				3011CEFC203442CA00AB71F0 /* Debug */,
				3011CEFD203442CA00AB71F0 /* Release */,
			);
			defaultConfigurationIsVisible = 0;
			defaultConfigurationName = Release;
		};
/* End XCConfigurationList section */
	};
	rootObject = 3011CEE1203442C900AB71F0 /* Project object */;
}
