// !$*UTF8*$!
{
	archiveVersion = 1;
	classes = {
	};
	objectVersion = 50;
	objects = {

/* Begin PBXBuildFile section */
		300DE57221C8D1D400D4BB7A /* MeatParts_VC.swift in Sources */ = {isa = PBXBuildFile; fileRef = 300DE57121C8D1D400D4BB7A /* MeatParts_VC.swift */; };
		300DE57421C8D73300D4BB7A /* UIImageView+Custom.swift in Sources */ = {isa = PBXBuildFile; fileRef = 300DE57321C8D73300D4BB7A /* UIImageView+Custom.swift */; };
		300DE57721C8DE3E00D4BB7A /* Meat.swift in Sources */ = {isa = PBXBuildFile; fileRef = 300DE57621C8DE3E00D4BB7A /* Meat.swift */; };
		300DE57921C9A35700D4BB7A /* MeatTimer_VC.swift in Sources */ = {isa = PBXBuildFile; fileRef = 300DE57821C9A35700D4BB7A /* MeatTimer_VC.swift */; };
		305EC0E721C5E70B00765274 /* AppDelegate.swift in Sources */ = {isa = PBXBuildFile; fileRef = 305EC0E621C5E70B00765274 /* AppDelegate.swift */; };
		305EC0EC21C5E70B00765274 /* Main.storyboard in Resources */ = {isa = PBXBuildFile; fileRef = 305EC0EA21C5E70B00765274 /* Main.storyboard */; };
		305EC0EF21C5E70B00765274 /* KBBQ_Time_.xcdatamodeld in Sources */ = {isa = PBXBuildFile; fileRef = 305EC0ED21C5E70B00765274 /* KBBQ_Time_.xcdatamodeld */; };
		305EC0F121C5E70D00765274 /* Assets.xcassets in Resources */ = {isa = PBXBuildFile; fileRef = 305EC0F021C5E70D00765274 /* Assets.xcassets */; };
		305EC0F421C5E70D00765274 /* LaunchScreen.storyboard in Resources */ = {isa = PBXBuildFile; fileRef = 305EC0F221C5E70D00765274 /* LaunchScreen.storyboard */; };
		305EC0FD21C5F2E600765274 /* Kbbq.jpeg in Resources */ = {isa = PBXBuildFile; fileRef = 305EC0FC21C5F2E500765274 /* Kbbq.jpeg */; };
		305EC0FF21C5F44700765274 /* Designables.swift in Sources */ = {isa = PBXBuildFile; fileRef = 305EC0FE21C5F44700765274 /* Designables.swift */; };
		305EC10321C5FF1D00765274 /* UIColor+Custom.swift in Sources */ = {isa = PBXBuildFile; fileRef = 305EC10221C5FF1D00765274 /* UIColor+Custom.swift */; };
		305EC10521C6045100765274 /* pig.jpg in Resources */ = {isa = PBXBuildFile; fileRef = 305EC10421C6045100765274 /* pig.jpg */; };
		305EC10821C607CF00765274 /* MeatSelection_VC.swift in Sources */ = {isa = PBXBuildFile; fileRef = 305EC10721C607CF00765274 /* MeatSelection_VC.swift */; };
		3087B39121CA399500CF4BF3 /* MeatCell.swift in Sources */ = {isa = PBXBuildFile; fileRef = 3087B39021CA399500CF4BF3 /* MeatCell.swift */; };
		3087B39321CA467700CF4BF3 /* MeatParts.swift in Sources */ = {isa = PBXBuildFile; fileRef = 3087B39221CA467700CF4BF3 /* MeatParts.swift */; };
/* End PBXBuildFile section */

/* Begin PBXFileReference section */
		300DE57121C8D1D400D4BB7A /* MeatParts_VC.swift */ = {isa = PBXFileReference; lastKnownFileType = sourcecode.swift; path = MeatParts_VC.swift; sourceTree = "<group>"; };
		300DE57321C8D73300D4BB7A /* UIImageView+Custom.swift */ = {isa = PBXFileReference; lastKnownFileType = sourcecode.swift; path = "UIImageView+Custom.swift"; sourceTree = "<group>"; };
		300DE57621C8DE3E00D4BB7A /* Meat.swift */ = {isa = PBXFileReference; lastKnownFileType = sourcecode.swift; path = Meat.swift; sourceTree = "<group>"; };
		300DE57821C9A35700D4BB7A /* MeatTimer_VC.swift */ = {isa = PBXFileReference; lastKnownFileType = sourcecode.swift; path = MeatTimer_VC.swift; sourceTree = "<group>"; };
		305EC0E321C5E70B00765274 /* KBBQ Time!.app */ = {isa = PBXFileReference; explicitFileType = wrapper.application; includeInIndex = 0; path = "KBBQ Time!.app"; sourceTree = BUILT_PRODUCTS_DIR; };
		305EC0E621C5E70B00765274 /* AppDelegate.swift */ = {isa = PBXFileReference; lastKnownFileType = sourcecode.swift; path = AppDelegate.swift; sourceTree = "<group>"; };
		305EC0EB21C5E70B00765274 /* Base */ = {isa = PBXFileReference; lastKnownFileType = file.storyboard; name = Base; path = Base.lproj/Main.storyboard; sourceTree = "<group>"; };
		305EC0EE21C5E70B00765274 /* KBBQ_Time_.xcdatamodel */ = {isa = PBXFileReference; lastKnownFileType = wrapper.xcdatamodel; path = KBBQ_Time_.xcdatamodel; sourceTree = "<group>"; };
		305EC0F021C5E70D00765274 /* Assets.xcassets */ = {isa = PBXFileReference; lastKnownFileType = folder.assetcatalog; path = Assets.xcassets; sourceTree = "<group>"; };
		305EC0F321C5E70D00765274 /* Base */ = {isa = PBXFileReference; lastKnownFileType = file.storyboard; name = Base; path = Base.lproj/LaunchScreen.storyboard; sourceTree = "<group>"; };
		305EC0F521C5E70D00765274 /* Info.plist */ = {isa = PBXFileReference; lastKnownFileType = text.plist.xml; path = Info.plist; sourceTree = "<group>"; };
		305EC0FC21C5F2E500765274 /* Kbbq.jpeg */ = {isa = PBXFileReference; lastKnownFileType = image.jpeg; path = Kbbq.jpeg; sourceTree = "<group>"; };
		305EC0FE21C5F44700765274 /* Designables.swift */ = {isa = PBXFileReference; fileEncoding = 4; lastKnownFileType = sourcecode.swift; path = Designables.swift; sourceTree = "<group>"; };
		305EC10221C5FF1D00765274 /* UIColor+Custom.swift */ = {isa = PBXFileReference; lastKnownFileType = sourcecode.swift; path = "UIColor+Custom.swift"; sourceTree = "<group>"; };
		305EC10421C6045100765274 /* pig.jpg */ = {isa = PBXFileReference; lastKnownFileType = image.jpeg; path = pig.jpg; sourceTree = "<group>"; };
		305EC10721C607CF00765274 /* MeatSelection_VC.swift */ = {isa = PBXFileReference; lastKnownFileType = sourcecode.swift; path = MeatSelection_VC.swift; sourceTree = "<group>"; };
		3087B39021CA399500CF4BF3 /* MeatCell.swift */ = {isa = PBXFileReference; lastKnownFileType = sourcecode.swift; path = MeatCell.swift; sourceTree = "<group>"; };
		3087B39221CA467700CF4BF3 /* MeatParts.swift */ = {isa = PBXFileReference; lastKnownFileType = sourcecode.swift; path = MeatParts.swift; sourceTree = "<group>"; };
/* End PBXFileReference section */

/* Begin PBXFrameworksBuildPhase section */
		305EC0E021C5E70B00765274 /* Frameworks */ = {
			isa = PBXFrameworksBuildPhase;
			buildActionMask = 2147483647;
			files = (
			);
			runOnlyForDeploymentPostprocessing = 0;
		};
/* End PBXFrameworksBuildPhase section */

/* Begin PBXGroup section */
		300DE57521C8DE1400D4BB7A /* Model */ = {
			isa = PBXGroup;
			children = (
				3087B39021CA399500CF4BF3 /* MeatCell.swift */,
				300DE57621C8DE3E00D4BB7A /* Meat.swift */,
				3087B39221CA467700CF4BF3 /* MeatParts.swift */,
			);
			path = Model;
			sourceTree = "<group>";
		};
		305EC0DA21C5E70B00765274 = {
			isa = PBXGroup;
			children = (
				305EC0E521C5E70B00765274 /* KBBQ Time! */,
				305EC0F521C5E70D00765274 /* Info.plist */,
				305EC0ED21C5E70B00765274 /* KBBQ_Time_.xcdatamodeld */,
				305EC0E421C5E70B00765274 /* Products */,
			);
			sourceTree = "<group>";
		};
		305EC0E421C5E70B00765274 /* Products */ = {
			isa = PBXGroup;
			children = (
				305EC0E321C5E70B00765274 /* KBBQ Time!.app */,
			);
			name = Products;
			sourceTree = "<group>";
		};
		305EC0E521C5E70B00765274 /* KBBQ Time! */ = {
			isa = PBXGroup;
			children = (
				3087B38F21CA396D00CF4BF3 /* Views */,
				300DE57521C8DE1400D4BB7A /* Model */,
				305EC10921C660D400765274 /* View Controllers */,
				305EC10621C604C100765274 /* Globals */,
				305EC0FB21C5F25E00765274 /* Resources */,
				305EC0E621C5E70B00765274 /* AppDelegate.swift */,
			);
			path = "KBBQ Time!";
			sourceTree = "<group>";
		};
		305EC0FB21C5F25E00765274 /* Resources */ = {
			isa = PBXGroup;
			children = (
				305EC10421C6045100765274 /* pig.jpg */,
				305EC0FC21C5F2E500765274 /* Kbbq.jpeg */,
				305EC0F021C5E70D00765274 /* Assets.xcassets */,
			);
			path = Resources;
			sourceTree = "<group>";
		};
		305EC10621C604C100765274 /* Globals */ = {
			isa = PBXGroup;
			children = (
				305EC0FE21C5F44700765274 /* Designables.swift */,
				305EC10221C5FF1D00765274 /* UIColor+Custom.swift */,
				300DE57321C8D73300D4BB7A /* UIImageView+Custom.swift */,
			);
			path = Globals;
			sourceTree = "<group>";
		};
		305EC10921C660D400765274 /* View Controllers */ = {
			isa = PBXGroup;
			children = (
				305EC10721C607CF00765274 /* MeatSelection_VC.swift */,
				300DE57121C8D1D400D4BB7A /* MeatParts_VC.swift */,
				300DE57821C9A35700D4BB7A /* MeatTimer_VC.swift */,
			);
			path = "View Controllers";
			sourceTree = "<group>";
		};
		3087B38F21CA396D00CF4BF3 /* Views */ = {
			isa = PBXGroup;
			children = (
				305EC0EA21C5E70B00765274 /* Main.storyboard */,
				305EC0F221C5E70D00765274 /* LaunchScreen.storyboard */,
			);
			path = Views;
			sourceTree = "<group>";
		};
/* End PBXGroup section */

/* Begin PBXNativeTarget section */
		305EC0E221C5E70B00765274 /* KBBQ Time! */ = {
			isa = PBXNativeTarget;
			buildConfigurationList = 305EC0F821C5E70D00765274 /* Build configuration list for PBXNativeTarget "KBBQ Time!" */;
			buildPhases = (
				305EC0DF21C5E70B00765274 /* Sources */,
				305EC0E021C5E70B00765274 /* Frameworks */,
				305EC0E121C5E70B00765274 /* Resources */,
			);
			buildRules = (
			);
			dependencies = (
			);
			name = "KBBQ Time!";
			productName = "KBBQ Time!";
			productReference = 305EC0E321C5E70B00765274 /* KBBQ Time!.app */;
			productType = "com.apple.product-type.application";
		};
/* End PBXNativeTarget section */

/* Begin PBXProject section */
		305EC0DB21C5E70B00765274 /* Project object */ = {
			isa = PBXProject;
			attributes = {
				LastSwiftUpdateCheck = 1010;
				LastUpgradeCheck = 1010;
				ORGANIZATIONNAME = Squirrel;
				TargetAttributes = {
					305EC0E221C5E70B00765274 = {
						CreatedOnToolsVersion = 10.1;
					};
				};
			};
			buildConfigurationList = 305EC0DE21C5E70B00765274 /* Build configuration list for PBXProject "KBBQ Time!" */;
			compatibilityVersion = "Xcode 9.3";
			developmentRegion = en;
			hasScannedForEncodings = 0;
			knownRegions = (
				en,
				Base,
			);
			mainGroup = 305EC0DA21C5E70B00765274;
			productRefGroup = 305EC0E421C5E70B00765274 /* Products */;
			projectDirPath = "";
			projectRoot = "";
			targets = (
				305EC0E221C5E70B00765274 /* KBBQ Time! */,
			);
		};
/* End PBXProject section */

/* Begin PBXResourcesBuildPhase section */
		305EC0E121C5E70B00765274 /* Resources */ = {
			isa = PBXResourcesBuildPhase;
			buildActionMask = 2147483647;
			files = (
				305EC10521C6045100765274 /* pig.jpg in Resources */,
				305EC0F421C5E70D00765274 /* LaunchScreen.storyboard in Resources */,
				305EC0FD21C5F2E600765274 /* Kbbq.jpeg in Resources */,
				305EC0F121C5E70D00765274 /* Assets.xcassets in Resources */,
				305EC0EC21C5E70B00765274 /* Main.storyboard in Resources */,
			);
			runOnlyForDeploymentPostprocessing = 0;
		};
/* End PBXResourcesBuildPhase section */

/* Begin PBXSourcesBuildPhase section */
		305EC0DF21C5E70B00765274 /* Sources */ = {
			isa = PBXSourcesBuildPhase;
			buildActionMask = 2147483647;
			files = (
				300DE57221C8D1D400D4BB7A /* MeatParts_VC.swift in Sources */,
				305EC10821C607CF00765274 /* MeatSelection_VC.swift in Sources */,
				305EC0FF21C5F44700765274 /* Designables.swift in Sources */,
				300DE57921C9A35700D4BB7A /* MeatTimer_VC.swift in Sources */,
				3087B39321CA467700CF4BF3 /* MeatParts.swift in Sources */,
				305EC0E721C5E70B00765274 /* AppDelegate.swift in Sources */,
				300DE57721C8DE3E00D4BB7A /* Meat.swift in Sources */,
				3087B39121CA399500CF4BF3 /* MeatCell.swift in Sources */,
				300DE57421C8D73300D4BB7A /* UIImageView+Custom.swift in Sources */,
				305EC10321C5FF1D00765274 /* UIColor+Custom.swift in Sources */,
				305EC0EF21C5E70B00765274 /* KBBQ_Time_.xcdatamodeld in Sources */,
			);
			runOnlyForDeploymentPostprocessing = 0;
		};
/* End PBXSourcesBuildPhase section */

/* Begin PBXVariantGroup section */
		305EC0EA21C5E70B00765274 /* Main.storyboard */ = {
			isa = PBXVariantGroup;
			children = (
				305EC0EB21C5E70B00765274 /* Base */,
			);
			name = Main.storyboard;
			sourceTree = "<group>";
		};
		305EC0F221C5E70D00765274 /* LaunchScreen.storyboard */ = {
			isa = PBXVariantGroup;
			children = (
				305EC0F321C5E70D00765274 /* Base */,
			);
			name = LaunchScreen.storyboard;
			sourceTree = "<group>";
		};
/* End PBXVariantGroup section */

/* Begin XCBuildConfiguration section */
		305EC0F621C5E70D00765274 /* Debug */ = {
			isa = XCBuildConfiguration;
			buildSettings = {
				ALWAYS_SEARCH_USER_PATHS = NO;
				CLANG_ANALYZER_NONNULL = YES;
				CLANG_ANALYZER_NUMBER_OBJECT_CONVERSION = YES_AGGRESSIVE;
				CLANG_CXX_LANGUAGE_STANDARD = "gnu++14";
				CLANG_CXX_LIBRARY = "libc++";
				CLANG_ENABLE_MODULES = YES;
				CLANG_ENABLE_OBJC_ARC = YES;
				CLANG_ENABLE_OBJC_WEAK = YES;
				CLANG_WARN_BLOCK_CAPTURE_AUTORELEASING = YES;
				CLANG_WARN_BOOL_CONVERSION = YES;
				CLANG_WARN_COMMA = YES;
				CLANG_WARN_CONSTANT_CONVERSION = YES;
				CLANG_WARN_DEPRECATED_OBJC_IMPLEMENTATIONS = YES;
				CLANG_WARN_DIRECT_OBJC_ISA_USAGE = YES_ERROR;
				CLANG_WARN_DOCUMENTATION_COMMENTS = YES;
				CLANG_WARN_EMPTY_BODY = YES;
				CLANG_WARN_ENUM_CONVERSION = YES;
				CLANG_WARN_INFINITE_RECURSION = YES;
				CLANG_WARN_INT_CONVERSION = YES;
				CLANG_WARN_NON_LITERAL_NULL_CONVERSION = YES;
				CLANG_WARN_OBJC_IMPLICIT_RETAIN_SELF = YES;
				CLANG_WARN_OBJC_LITERAL_CONVERSION = YES;
				CLANG_WARN_OBJC_ROOT_CLASS = YES_ERROR;
				CLANG_WARN_RANGE_LOOP_ANALYSIS = YES;
				CLANG_WARN_STRICT_PROTOTYPES = YES;
				CLANG_WARN_SUSPICIOUS_MOVE = YES;
				CLANG_WARN_UNGUARDED_AVAILABILITY = YES_AGGRESSIVE;
				CLANG_WARN_UNREACHABLE_CODE = YES;
				CLANG_WARN__DUPLICATE_METHOD_MATCH = YES;
				CODE_SIGN_IDENTITY = "iPhone Developer";
				COPY_PHASE_STRIP = NO;
				DEBUG_INFORMATION_FORMAT = dwarf;
				ENABLE_STRICT_OBJC_MSGSEND = YES;
				ENABLE_TESTABILITY = YES;
				GCC_C_LANGUAGE_STANDARD = gnu11;
				GCC_DYNAMIC_NO_PIC = NO;
				GCC_NO_COMMON_BLOCKS = YES;
				GCC_OPTIMIZATION_LEVEL = 0;
				GCC_PREPROCESSOR_DEFINITIONS = (
					"DEBUG=1",
					"$(inherited)",
				);
				GCC_WARN_64_TO_32_BIT_CONVERSION = YES;
				GCC_WARN_ABOUT_RETURN_TYPE = YES_ERROR;
				GCC_WARN_UNDECLARED_SELECTOR = YES;
				GCC_WARN_UNINITIALIZED_AUTOS = YES_AGGRESSIVE;
				GCC_WARN_UNUSED_FUNCTION = YES;
				GCC_WARN_UNUSED_VARIABLE = YES;
				IPHONEOS_DEPLOYMENT_TARGET = 12.1;
				MTL_ENABLE_DEBUG_INFO = INCLUDE_SOURCE;
				MTL_FAST_MATH = YES;
				ONLY_ACTIVE_ARCH = YES;
				SDKROOT = iphoneos;
				SWIFT_ACTIVE_COMPILATION_CONDITIONS = DEBUG;
				SWIFT_OPTIMIZATION_LEVEL = "-Onone";
			};
			name = Debug;
		};
		305EC0F721C5E70D00765274 /* Release */ = {
			isa = XCBuildConfiguration;
			buildSettings = {
				ALWAYS_SEARCH_USER_PATHS = NO;
				CLANG_ANALYZER_NONNULL = YES;
				CLANG_ANALYZER_NUMBER_OBJECT_CONVERSION = YES_AGGRESSIVE;
				CLANG_CXX_LANGUAGE_STANDARD = "gnu++14";
				CLANG_CXX_LIBRARY = "libc++";
				CLANG_ENABLE_MODULES = YES;
				CLANG_ENABLE_OBJC_ARC = YES;
				CLANG_ENABLE_OBJC_WEAK = YES;
				CLANG_WARN_BLOCK_CAPTURE_AUTORELEASING = YES;
				CLANG_WARN_BOOL_CONVERSION = YES;
				CLANG_WARN_COMMA = YES;
				CLANG_WARN_CONSTANT_CONVERSION = YES;
				CLANG_WARN_DEPRECATED_OBJC_IMPLEMENTATIONS = YES;
				CLANG_WARN_DIRECT_OBJC_ISA_USAGE = YES_ERROR;
				CLANG_WARN_DOCUMENTATION_COMMENTS = YES;
				CLANG_WARN_EMPTY_BODY = YES;
				CLANG_WARN_ENUM_CONVERSION = YES;
				CLANG_WARN_INFINITE_RECURSION = YES;
				CLANG_WARN_INT_CONVERSION = YES;
				CLANG_WARN_NON_LITERAL_NULL_CONVERSION = YES;
				CLANG_WARN_OBJC_IMPLICIT_RETAIN_SELF = YES;
				CLANG_WARN_OBJC_LITERAL_CONVERSION = YES;
				CLANG_WARN_OBJC_ROOT_CLASS = YES_ERROR;
				CLANG_WARN_RANGE_LOOP_ANALYSIS = YES;
				CLANG_WARN_STRICT_PROTOTYPES = YES;
				CLANG_WARN_SUSPICIOUS_MOVE = YES;
				CLANG_WARN_UNGUARDED_AVAILABILITY = YES_AGGRESSIVE;
				CLANG_WARN_UNREACHABLE_CODE = YES;
				CLANG_WARN__DUPLICATE_METHOD_MATCH = YES;
				CODE_SIGN_IDENTITY = "iPhone Developer";
				COPY_PHASE_STRIP = NO;
				DEBUG_INFORMATION_FORMAT = "dwarf-with-dsym";
				ENABLE_NS_ASSERTIONS = NO;
				ENABLE_STRICT_OBJC_MSGSEND = YES;
				GCC_C_LANGUAGE_STANDARD = gnu11;
				GCC_NO_COMMON_BLOCKS = YES;
				GCC_WARN_64_TO_32_BIT_CONVERSION = YES;
				GCC_WARN_ABOUT_RETURN_TYPE = YES_ERROR;
				GCC_WARN_UNDECLARED_SELECTOR = YES;
				GCC_WARN_UNINITIALIZED_AUTOS = YES_AGGRESSIVE;
				GCC_WARN_UNUSED_FUNCTION = YES;
				GCC_WARN_UNUSED_VARIABLE = YES;
				IPHONEOS_DEPLOYMENT_TARGET = 12.1;
				MTL_ENABLE_DEBUG_INFO = NO;
				MTL_FAST_MATH = YES;
				SDKROOT = iphoneos;
				SWIFT_COMPILATION_MODE = wholemodule;
				SWIFT_OPTIMIZATION_LEVEL = "-O";
				VALIDATE_PRODUCT = YES;
			};
			name = Release;
		};
		305EC0F921C5E70D00765274 /* Debug */ = {
			isa = XCBuildConfiguration;
			buildSettings = {
				ASSETCATALOG_COMPILER_APPICON_NAME = AppIcon;
				CODE_SIGN_STYLE = Automatic;
				DEVELOPMENT_TEAM = 6H23PX874P;
				INFOPLIST_FILE = "$(SRCROOT)/Info.plist";
				IPHONEOS_DEPLOYMENT_TARGET = 12.0;
				LD_RUNPATH_SEARCH_PATHS = (
					"$(inherited)",
					"@executable_path/Frameworks",
				);
				PRODUCT_BUNDLE_IDENTIFIER = "com.Squirrel.KBBQ-Time";
				PRODUCT_NAME = "$(TARGET_NAME)";
				SWIFT_VERSION = 4.2;
				TARGETED_DEVICE_FAMILY = "1,2";
			};
			name = Debug;
		};
		305EC0FA21C5E70D00765274 /* Release */ = {
			isa = XCBuildConfiguration;
			buildSettings = {
				ASSETCATALOG_COMPILER_APPICON_NAME = AppIcon;
				CODE_SIGN_STYLE = Automatic;
				DEVELOPMENT_TEAM = 6H23PX874P;
				INFOPLIST_FILE = "$(SRCROOT)/Info.plist";
				IPHONEOS_DEPLOYMENT_TARGET = 12.0;
				LD_RUNPATH_SEARCH_PATHS = (
					"$(inherited)",
					"@executable_path/Frameworks",
				);
				PRODUCT_BUNDLE_IDENTIFIER = "com.Squirrel.KBBQ-Time";
				PRODUCT_NAME = "$(TARGET_NAME)";
				SWIFT_VERSION = 4.2;
				TARGETED_DEVICE_FAMILY = "1,2";
			};
			name = Release;
		};
/* End XCBuildConfiguration section */

/* Begin XCConfigurationList section */
		305EC0DE21C5E70B00765274 /* Build configuration list for PBXProject "KBBQ Time!" */ = {
			isa = XCConfigurationList;
			buildConfigurations = (
				305EC0F621C5E70D00765274 /* Debug */,
				305EC0F721C5E70D00765274 /* Release */,
			);
			defaultConfigurationIsVisible = 0;
			defaultConfigurationName = Release;
		};
		305EC0F821C5E70D00765274 /* Build configuration list for PBXNativeTarget "KBBQ Time!" */ = {
			isa = XCConfigurationList;
			buildConfigurations = (
				305EC0F921C5E70D00765274 /* Debug */,
				305EC0FA21C5E70D00765274 /* Release */,
			);
			defaultConfigurationIsVisible = 0;
			defaultConfigurationName = Release;
		};
/* End XCConfigurationList section */

/* Begin XCVersionGroup section */
		305EC0ED21C5E70B00765274 /* KBBQ_Time_.xcdatamodeld */ = {
			isa = XCVersionGroup;
			children = (
				305EC0EE21C5E70B00765274 /* KBBQ_Time_.xcdatamodel */,
			);
			currentVersion = 305EC0EE21C5E70B00765274 /* KBBQ_Time_.xcdatamodel */;
			path = KBBQ_Time_.xcdatamodeld;
			sourceTree = "<group>";
			versionGroupType = wrapper.xcdatamodel;
		};
/* End XCVersionGroup section */
	};
	rootObject = 305EC0DB21C5E70B00765274 /* Project object */;
}
