// !$*UTF8*$!
{
	archiveVersion = 1;
	classes = {
	};
	objectVersion = 50;
	objects = {

/* Begin PBXBuildFile section */
		304ACF2A2262D72F00F8660A /* AppDelegate.swift in Sources */ = {isa = PBXBuildFile; fileRef = 304ACF292262D72F00F8660A /* AppDelegate.swift */; };
		304ACF2C2262D72F00F8660A /* GetMoney_VC.swift in Sources */ = {isa = PBXBuildFile; fileRef = 304ACF2B2262D72F00F8660A /* GetMoney_VC.swift */; };
		304ACF2F2262D72F00F8660A /* Main.storyboard in Resources */ = {isa = PBXBuildFile; fileRef = 304ACF2D2262D72F00F8660A /* Main.storyboard */; };
		304ACF312262D73200F8660A /* Assets.xcassets in Resources */ = {isa = PBXBuildFile; fileRef = 304ACF302262D73200F8660A /* Assets.xcassets */; };
		304ACF342262D73200F8660A /* LaunchScreen.storyboard in Resources */ = {isa = PBXBuildFile; fileRef = 304ACF322262D73200F8660A /* LaunchScreen.storyboard */; };
		304ACF3C2262DDC200F8660A /* NumberGen.swift in Sources */ = {isa = PBXBuildFile; fileRef = 304ACF3B2262DDC200F8660A /* NumberGen.swift */; };
		304ACF412266952C00F8660A /* NumberCell.swift in Sources */ = {isa = PBXBuildFile; fileRef = 304ACF402266952C00F8660A /* NumberCell.swift */; };
/* End PBXBuildFile section */

/* Begin PBXFileReference section */
		304ACF262262D72F00F8660A /* GetMoney.app */ = {isa = PBXFileReference; explicitFileType = wrapper.application; includeInIndex = 0; path = GetMoney.app; sourceTree = BUILT_PRODUCTS_DIR; };
		304ACF292262D72F00F8660A /* AppDelegate.swift */ = {isa = PBXFileReference; lastKnownFileType = sourcecode.swift; path = AppDelegate.swift; sourceTree = "<group>"; };
		304ACF2B2262D72F00F8660A /* GetMoney_VC.swift */ = {isa = PBXFileReference; lastKnownFileType = sourcecode.swift; path = GetMoney_VC.swift; sourceTree = "<group>"; };
		304ACF2E2262D72F00F8660A /* Base */ = {isa = PBXFileReference; lastKnownFileType = file.storyboard; name = Base; path = Base.lproj/Main.storyboard; sourceTree = "<group>"; };
		304ACF302262D73200F8660A /* Assets.xcassets */ = {isa = PBXFileReference; lastKnownFileType = folder.assetcatalog; path = Assets.xcassets; sourceTree = "<group>"; };
		304ACF332262D73200F8660A /* Base */ = {isa = PBXFileReference; lastKnownFileType = file.storyboard; name = Base; path = Base.lproj/LaunchScreen.storyboard; sourceTree = "<group>"; };
		304ACF352262D73200F8660A /* Info.plist */ = {isa = PBXFileReference; lastKnownFileType = text.plist.xml; path = Info.plist; sourceTree = "<group>"; };
		304ACF3B2262DDC200F8660A /* NumberGen.swift */ = {isa = PBXFileReference; lastKnownFileType = sourcecode.swift; path = NumberGen.swift; sourceTree = "<group>"; };
		304ACF402266952C00F8660A /* NumberCell.swift */ = {isa = PBXFileReference; lastKnownFileType = sourcecode.swift; path = NumberCell.swift; sourceTree = "<group>"; };
/* End PBXFileReference section */

/* Begin PBXFrameworksBuildPhase section */
		304ACF232262D72F00F8660A /* Frameworks */ = {
			isa = PBXFrameworksBuildPhase;
			buildActionMask = 2147483647;
			files = (
			);
			runOnlyForDeploymentPostprocessing = 0;
		};
/* End PBXFrameworksBuildPhase section */

/* Begin PBXGroup section */
		304ACF1D2262D72F00F8660A = {
			isa = PBXGroup;
			children = (
				304ACF282262D72F00F8660A /* GetMoney */,
				304ACF272262D72F00F8660A /* Products */,
			);
			sourceTree = "<group>";
		};
		304ACF272262D72F00F8660A /* Products */ = {
			isa = PBXGroup;
			children = (
				304ACF262262D72F00F8660A /* GetMoney.app */,
			);
			name = Products;
			sourceTree = "<group>";
		};
		304ACF282262D72F00F8660A /* GetMoney */ = {
			isa = PBXGroup;
			children = (
				304ACF3D226679C000F8660A /* Models */,
				304ACF3E226679CC00F8660A /* ViewControllers */,
				304ACF3F2266951100F8660A /* Views */,
				304ACF292262D72F00F8660A /* AppDelegate.swift */,
				304ACF2D2262D72F00F8660A /* Main.storyboard */,
				304ACF302262D73200F8660A /* Assets.xcassets */,
				304ACF322262D73200F8660A /* LaunchScreen.storyboard */,
				304ACF352262D73200F8660A /* Info.plist */,
			);
			path = GetMoney;
			sourceTree = "<group>";
		};
		304ACF3D226679C000F8660A /* Models */ = {
			isa = PBXGroup;
			children = (
				304ACF3B2262DDC200F8660A /* NumberGen.swift */,
			);
			path = Models;
			sourceTree = "<group>";
		};
		304ACF3E226679CC00F8660A /* ViewControllers */ = {
			isa = PBXGroup;
			children = (
				304ACF2B2262D72F00F8660A /* GetMoney_VC.swift */,
			);
			path = ViewControllers;
			sourceTree = "<group>";
		};
		304ACF3F2266951100F8660A /* Views */ = {
			isa = PBXGroup;
			children = (
				304ACF402266952C00F8660A /* NumberCell.swift */,
			);
			path = Views;
			sourceTree = "<group>";
		};
/* End PBXGroup section */

/* Begin PBXNativeTarget section */
		304ACF252262D72F00F8660A /* GetMoney */ = {
			isa = PBXNativeTarget;
			buildConfigurationList = 304ACF382262D73200F8660A /* Build configuration list for PBXNativeTarget "GetMoney" */;
			buildPhases = (
				304ACF222262D72F00F8660A /* Sources */,
				304ACF232262D72F00F8660A /* Frameworks */,
				304ACF242262D72F00F8660A /* Resources */,
			);
			buildRules = (
			);
			dependencies = (
			);
			name = GetMoney;
			productName = GetMoney;
			productReference = 304ACF262262D72F00F8660A /* GetMoney.app */;
			productType = "com.apple.product-type.application";
		};
/* End PBXNativeTarget section */

/* Begin PBXProject section */
		304ACF1E2262D72F00F8660A /* Project object */ = {
			isa = PBXProject;
			attributes = {
				LastSwiftUpdateCheck = 1020;
				LastUpgradeCheck = 1020;
				ORGANIZATIONNAME = Squirrel;
				TargetAttributes = {
					304ACF252262D72F00F8660A = {
						CreatedOnToolsVersion = 10.2;
					};
				};
			};
			buildConfigurationList = 304ACF212262D72F00F8660A /* Build configuration list for PBXProject "GetMoney" */;
			compatibilityVersion = "Xcode 9.3";
			developmentRegion = en;
			hasScannedForEncodings = 0;
			knownRegions = (
				en,
				Base,
			);
			mainGroup = 304ACF1D2262D72F00F8660A;
			productRefGroup = 304ACF272262D72F00F8660A /* Products */;
			projectDirPath = "";
			projectRoot = "";
			targets = (
				304ACF252262D72F00F8660A /* GetMoney */,
			);
		};
/* End PBXProject section */

/* Begin PBXResourcesBuildPhase section */
		304ACF242262D72F00F8660A /* Resources */ = {
			isa = PBXResourcesBuildPhase;
			buildActionMask = 2147483647;
			files = (
				304ACF342262D73200F8660A /* LaunchScreen.storyboard in Resources */,
				304ACF312262D73200F8660A /* Assets.xcassets in Resources */,
				304ACF2F2262D72F00F8660A /* Main.storyboard in Resources */,
			);
			runOnlyForDeploymentPostprocessing = 0;
		};
/* End PBXResourcesBuildPhase section */

/* Begin PBXSourcesBuildPhase section */
		304ACF222262D72F00F8660A /* Sources */ = {
			isa = PBXSourcesBuildPhase;
			buildActionMask = 2147483647;
			files = (
				304ACF412266952C00F8660A /* NumberCell.swift in Sources */,
				304ACF2C2262D72F00F8660A /* GetMoney_VC.swift in Sources */,
				304ACF3C2262DDC200F8660A /* NumberGen.swift in Sources */,
				304ACF2A2262D72F00F8660A /* AppDelegate.swift in Sources */,
			);
			runOnlyForDeploymentPostprocessing = 0;
		};
/* End PBXSourcesBuildPhase section */

/* Begin PBXVariantGroup section */
		304ACF2D2262D72F00F8660A /* Main.storyboard */ = {
			isa = PBXVariantGroup;
			children = (
				304ACF2E2262D72F00F8660A /* Base */,
			);
			name = Main.storyboard;
			sourceTree = "<group>";
		};
		304ACF322262D73200F8660A /* LaunchScreen.storyboard */ = {
			isa = PBXVariantGroup;
			children = (
				304ACF332262D73200F8660A /* Base */,
			);
			name = LaunchScreen.storyboard;
			sourceTree = "<group>";
		};
/* End PBXVariantGroup section */

/* Begin XCBuildConfiguration section */
		304ACF362262D73200F8660A /* Debug */ = {
			isa = XCBuildConfiguration;
			buildSettings = {
				ALWAYS_SEARCH_USER_PATHS = NO;
				CLANG_ANALYZER_NONNULL = YES;
				CLANG_ANALYZER_NUMBER_OBJECT_CONVERSION = YES_AGGRESSIVE;
				CLANG_CXX_LANGUAGE_STANDARD = "gnu++14";
				CLANG_CXX_LIBRARY = "libc++";
				CLANG_ENABLE_MODULES = YES;
				CLANG_ENABLE_OBJC_ARC = YES;
				CLANG_ENABLE_OBJC_WEAK = YES;
				CLANG_WARN_BLOCK_CAPTURE_AUTORELEASING = YES;
				CLANG_WARN_BOOL_CONVERSION = YES;
				CLANG_WARN_COMMA = YES;
				CLANG_WARN_CONSTANT_CONVERSION = YES;
				CLANG_WARN_DEPRECATED_OBJC_IMPLEMENTATIONS = YES;
				CLANG_WARN_DIRECT_OBJC_ISA_USAGE = YES_ERROR;
				CLANG_WARN_DOCUMENTATION_COMMENTS = YES;
				CLANG_WARN_EMPTY_BODY = YES;
				CLANG_WARN_ENUM_CONVERSION = YES;
				CLANG_WARN_INFINITE_RECURSION = YES;
				CLANG_WARN_INT_CONVERSION = YES;
				CLANG_WARN_NON_LITERAL_NULL_CONVERSION = YES;
				CLANG_WARN_OBJC_IMPLICIT_RETAIN_SELF = YES;
				CLANG_WARN_OBJC_LITERAL_CONVERSION = YES;
				CLANG_WARN_OBJC_ROOT_CLASS = YES_ERROR;
				CLANG_WARN_RANGE_LOOP_ANALYSIS = YES;
				CLANG_WARN_STRICT_PROTOTYPES = YES;
				CLANG_WARN_SUSPICIOUS_MOVE = YES;
				CLANG_WARN_UNGUARDED_AVAILABILITY = YES_AGGRESSIVE;
				CLANG_WARN_UNREACHABLE_CODE = YES;
				CLANG_WARN__DUPLICATE_METHOD_MATCH = YES;
				CODE_SIGN_IDENTITY = "iPhone Developer";
				COPY_PHASE_STRIP = NO;
				DEBUG_INFORMATION_FORMAT = dwarf;
				ENABLE_STRICT_OBJC_MSGSEND = YES;
				ENABLE_TESTABILITY = YES;
				GCC_C_LANGUAGE_STANDARD = gnu11;
				GCC_DYNAMIC_NO_PIC = NO;
				GCC_NO_COMMON_BLOCKS = YES;
				GCC_OPTIMIZATION_LEVEL = 0;
				GCC_PREPROCESSOR_DEFINITIONS = (
					"DEBUG=1",
					"$(inherited)",
				);
				GCC_WARN_64_TO_32_BIT_CONVERSION = YES;
				GCC_WARN_ABOUT_RETURN_TYPE = YES_ERROR;
				GCC_WARN_UNDECLARED_SELECTOR = YES;
				GCC_WARN_UNINITIALIZED_AUTOS = YES_AGGRESSIVE;
				GCC_WARN_UNUSED_FUNCTION = YES;
				GCC_WARN_UNUSED_VARIABLE = YES;
				IPHONEOS_DEPLOYMENT_TARGET = 12.2;
				MTL_ENABLE_DEBUG_INFO = INCLUDE_SOURCE;
				MTL_FAST_MATH = YES;
				ONLY_ACTIVE_ARCH = YES;
				SDKROOT = iphoneos;
				SWIFT_ACTIVE_COMPILATION_CONDITIONS = DEBUG;
				SWIFT_OPTIMIZATION_LEVEL = "-Onone";
			};
			name = Debug;
		};
		304ACF372262D73200F8660A /* Release */ = {
			isa = XCBuildConfiguration;
			buildSettings = {
				ALWAYS_SEARCH_USER_PATHS = NO;
				CLANG_ANALYZER_NONNULL = YES;
				CLANG_ANALYZER_NUMBER_OBJECT_CONVERSION = YES_AGGRESSIVE;
				CLANG_CXX_LANGUAGE_STANDARD = "gnu++14";
				CLANG_CXX_LIBRARY = "libc++";
				CLANG_ENABLE_MODULES = YES;
				CLANG_ENABLE_OBJC_ARC = YES;
				CLANG_ENABLE_OBJC_WEAK = YES;
				CLANG_WARN_BLOCK_CAPTURE_AUTORELEASING = YES;
				CLANG_WARN_BOOL_CONVERSION = YES;
				CLANG_WARN_COMMA = YES;
				CLANG_WARN_CONSTANT_CONVERSION = YES;
				CLANG_WARN_DEPRECATED_OBJC_IMPLEMENTATIONS = YES;
				CLANG_WARN_DIRECT_OBJC_ISA_USAGE = YES_ERROR;
				CLANG_WARN_DOCUMENTATION_COMMENTS = YES;
				CLANG_WARN_EMPTY_BODY = YES;
				CLANG_WARN_ENUM_CONVERSION = YES;
				CLANG_WARN_INFINITE_RECURSION = YES;
				CLANG_WARN_INT_CONVERSION = YES;
				CLANG_WARN_NON_LITERAL_NULL_CONVERSION = YES;
				CLANG_WARN_OBJC_IMPLICIT_RETAIN_SELF = YES;
				CLANG_WARN_OBJC_LITERAL_CONVERSION = YES;
				CLANG_WARN_OBJC_ROOT_CLASS = YES_ERROR;
				CLANG_WARN_RANGE_LOOP_ANALYSIS = YES;
				CLANG_WARN_STRICT_PROTOTYPES = YES;
				CLANG_WARN_SUSPICIOUS_MOVE = YES;
				CLANG_WARN_UNGUARDED_AVAILABILITY = YES_AGGRESSIVE;
				CLANG_WARN_UNREACHABLE_CODE = YES;
				CLANG_WARN__DUPLICATE_METHOD_MATCH = YES;
				CODE_SIGN_IDENTITY = "iPhone Developer";
				COPY_PHASE_STRIP = NO;
				DEBUG_INFORMATION_FORMAT = "dwarf-with-dsym";
				ENABLE_NS_ASSERTIONS = NO;
				ENABLE_STRICT_OBJC_MSGSEND = YES;
				GCC_C_LANGUAGE_STANDARD = gnu11;
				GCC_NO_COMMON_BLOCKS = YES;
				GCC_WARN_64_TO_32_BIT_CONVERSION = YES;
				GCC_WARN_ABOUT_RETURN_TYPE = YES_ERROR;
				GCC_WARN_UNDECLARED_SELECTOR = YES;
				GCC_WARN_UNINITIALIZED_AUTOS = YES_AGGRESSIVE;
				GCC_WARN_UNUSED_FUNCTION = YES;
				GCC_WARN_UNUSED_VARIABLE = YES;
				IPHONEOS_DEPLOYMENT_TARGET = 12.2;
				MTL_ENABLE_DEBUG_INFO = NO;
				MTL_FAST_MATH = YES;
				SDKROOT = iphoneos;
				SWIFT_COMPILATION_MODE = wholemodule;
				SWIFT_OPTIMIZATION_LEVEL = "-O";
				VALIDATE_PRODUCT = YES;
			};
			name = Release;
		};
		304ACF392262D73200F8660A /* Debug */ = {
			isa = XCBuildConfiguration;
			buildSettings = {
				ASSETCATALOG_COMPILER_APPICON_NAME = AppIcon;
				CODE_SIGN_STYLE = Automatic;
				DEVELOPMENT_TEAM = 6H23PX874P;
				INFOPLIST_FILE = GetMoney/Info.plist;
				LD_RUNPATH_SEARCH_PATHS = (
					"$(inherited)",
					"@executable_path/Frameworks",
				);
				PRODUCT_BUNDLE_IDENTIFIER = com.Squirrel.GetMoney;
				PRODUCT_NAME = "$(TARGET_NAME)";
				SWIFT_VERSION = 5.0;
				TARGETED_DEVICE_FAMILY = "1,2";
			};
			name = Debug;
		};
		304ACF3A2262D73200F8660A /* Release */ = {
			isa = XCBuildConfiguration;
			buildSettings = {
				ASSETCATALOG_COMPILER_APPICON_NAME = AppIcon;
				CODE_SIGN_STYLE = Automatic;
				DEVELOPMENT_TEAM = 6H23PX874P;
				INFOPLIST_FILE = GetMoney/Info.plist;
				LD_RUNPATH_SEARCH_PATHS = (
					"$(inherited)",
					"@executable_path/Frameworks",
				);
				PRODUCT_BUNDLE_IDENTIFIER = com.Squirrel.GetMoney;
				PRODUCT_NAME = "$(TARGET_NAME)";
				SWIFT_VERSION = 5.0;
				TARGETED_DEVICE_FAMILY = "1,2";
			};
			name = Release;
		};
/* End XCBuildConfiguration section */

/* Begin XCConfigurationList section */
		304ACF212262D72F00F8660A /* Build configuration list for PBXProject "GetMoney" */ = {
			isa = XCConfigurationList;
			buildConfigurations = (
				304ACF362262D73200F8660A /* Debug */,
				304ACF372262D73200F8660A /* Release */,
			);
			defaultConfigurationIsVisible = 0;
			defaultConfigurationName = Release;
		};
		304ACF382262D73200F8660A /* Build configuration list for PBXNativeTarget "GetMoney" */ = {
			isa = XCConfigurationList;
			buildConfigurations = (
				304ACF392262D73200F8660A /* Debug */,
				304ACF3A2262D73200F8660A /* Release */,
			);
			defaultConfigurationIsVisible = 0;
			defaultConfigurationName = Release;
		};
/* End XCConfigurationList section */
	};
	rootObject = 304ACF1E2262D72F00F8660A /* Project object */;
}
