// !$*UTF8*$!
{
	archiveVersion = 1;
	classes = {
	};
	objectVersion = 50;
	objects = {

/* Begin PBXBuildFile section */
		3066D5B821B49CF0000DA4B9 /* AppDelegate.swift in Sources */ = {isa = PBXBuildFile; fileRef = 3066D5B721B49CF0000DA4B9 /* AppDelegate.swift */; };
		3066D5BA21B49CF0000DA4B9 /* Stock_VC.swift in Sources */ = {isa = PBXBuildFile; fileRef = 3066D5B921B49CF0000DA4B9 /* Stock_VC.swift */; };
		3066D5BD21B49CF0000DA4B9 /* Main.storyboard in Resources */ = {isa = PBXBuildFile; fileRef = 3066D5BB21B49CF0000DA4B9 /* Main.storyboard */; };
		3066D5C021B49CF0000DA4B9 /* StockMarket.xcdatamodeld in Sources */ = {isa = PBXBuildFile; fileRef = 3066D5BE21B49CF0000DA4B9 /* StockMarket.xcdatamodeld */; };
		3066D5C221B49CF1000DA4B9 /* Assets.xcassets in Resources */ = {isa = PBXBuildFile; fileRef = 3066D5C121B49CF1000DA4B9 /* Assets.xcassets */; };
		3066D5C521B49CF1000DA4B9 /* LaunchScreen.storyboard in Resources */ = {isa = PBXBuildFile; fileRef = 3066D5C321B49CF1000DA4B9 /* LaunchScreen.storyboard */; };
		3066D5CF21B4B12B000DA4B9 /* StockManager.swift in Sources */ = {isa = PBXBuildFile; fileRef = 3066D5CE21B4B12B000DA4B9 /* StockManager.swift */; };
		30AAC9AF21B7A00C009CF7BD /* Designables.swift in Sources */ = {isa = PBXBuildFile; fileRef = 30AAC9AE21B7A00C009CF7BD /* Designables.swift */; };
		30AAC9B121B7D1F8009CF7BD /* Stock.swift in Sources */ = {isa = PBXBuildFile; fileRef = 30AAC9B021B7D1F8009CF7BD /* Stock.swift */; };
		E0BD950B5E6C985C226DBF47 /* Pods_StockMarket.framework in Frameworks */ = {isa = PBXBuildFile; fileRef = E5F765155E9E6DEEF4877C14 /* Pods_StockMarket.framework */; };
/* End PBXBuildFile section */

/* Begin PBXFileReference section */
		070BF1EDE0CCF662CF816507 /* Pods-StockMarket.release.xcconfig */ = {isa = PBXFileReference; includeInIndex = 1; lastKnownFileType = text.xcconfig; name = "Pods-StockMarket.release.xcconfig"; path = "Pods/Target Support Files/Pods-StockMarket/Pods-StockMarket.release.xcconfig"; sourceTree = "<group>"; };
		3066D5B421B49CF0000DA4B9 /* StockMarket.app */ = {isa = PBXFileReference; explicitFileType = wrapper.application; includeInIndex = 0; path = StockMarket.app; sourceTree = BUILT_PRODUCTS_DIR; };
		3066D5B721B49CF0000DA4B9 /* AppDelegate.swift */ = {isa = PBXFileReference; lastKnownFileType = sourcecode.swift; path = AppDelegate.swift; sourceTree = "<group>"; };
		3066D5B921B49CF0000DA4B9 /* Stock_VC.swift */ = {isa = PBXFileReference; lastKnownFileType = sourcecode.swift; path = Stock_VC.swift; sourceTree = "<group>"; };
		3066D5BC21B49CF0000DA4B9 /* Base */ = {isa = PBXFileReference; lastKnownFileType = file.storyboard; name = Base; path = Base.lproj/Main.storyboard; sourceTree = "<group>"; };
		3066D5BF21B49CF0000DA4B9 /* StockMarket.xcdatamodel */ = {isa = PBXFileReference; lastKnownFileType = wrapper.xcdatamodel; path = StockMarket.xcdatamodel; sourceTree = "<group>"; };
		3066D5C121B49CF1000DA4B9 /* Assets.xcassets */ = {isa = PBXFileReference; lastKnownFileType = folder.assetcatalog; path = Assets.xcassets; sourceTree = "<group>"; };
		3066D5C421B49CF1000DA4B9 /* Base */ = {isa = PBXFileReference; lastKnownFileType = file.storyboard; name = Base; path = Base.lproj/LaunchScreen.storyboard; sourceTree = "<group>"; };
		3066D5C621B49CF1000DA4B9 /* Info.plist */ = {isa = PBXFileReference; lastKnownFileType = text.plist.xml; path = Info.plist; sourceTree = "<group>"; };
		3066D5CE21B4B12B000DA4B9 /* StockManager.swift */ = {isa = PBXFileReference; lastKnownFileType = sourcecode.swift; path = StockManager.swift; sourceTree = "<group>"; };
		30AAC9AE21B7A00C009CF7BD /* Designables.swift */ = {isa = PBXFileReference; lastKnownFileType = sourcecode.swift; path = Designables.swift; sourceTree = "<group>"; };
		30AAC9B021B7D1F8009CF7BD /* Stock.swift */ = {isa = PBXFileReference; lastKnownFileType = sourcecode.swift; path = Stock.swift; sourceTree = "<group>"; };
		CD7AE77920F216BB329303A3 /* Pods-StockMarket.debug.xcconfig */ = {isa = PBXFileReference; includeInIndex = 1; lastKnownFileType = text.xcconfig; name = "Pods-StockMarket.debug.xcconfig"; path = "Pods/Target Support Files/Pods-StockMarket/Pods-StockMarket.debug.xcconfig"; sourceTree = "<group>"; };
		E5F765155E9E6DEEF4877C14 /* Pods_StockMarket.framework */ = {isa = PBXFileReference; explicitFileType = wrapper.framework; includeInIndex = 0; path = Pods_StockMarket.framework; sourceTree = BUILT_PRODUCTS_DIR; };
/* End PBXFileReference section */

/* Begin PBXFrameworksBuildPhase section */
		3066D5B121B49CF0000DA4B9 /* Frameworks */ = {
			isa = PBXFrameworksBuildPhase;
			buildActionMask = 2147483647;
			files = (
				E0BD950B5E6C985C226DBF47 /* Pods_StockMarket.framework in Frameworks */,
			);
			runOnlyForDeploymentPostprocessing = 0;
		};
/* End PBXFrameworksBuildPhase section */

/* Begin PBXGroup section */
		3066D5AB21B49CF0000DA4B9 = {
			isa = PBXGroup;
			children = (
				3066D5B621B49CF0000DA4B9 /* StockMarket */,
				3066D5B521B49CF0000DA4B9 /* Products */,
				C48EAD5075E88736EABC3601 /* Pods */,
				CEBF6AC0FDF120BBF88FB983 /* Frameworks */,
			);
			sourceTree = "<group>";
		};
		3066D5B521B49CF0000DA4B9 /* Products */ = {
			isa = PBXGroup;
			children = (
				3066D5B421B49CF0000DA4B9 /* StockMarket.app */,
			);
			name = Products;
			sourceTree = "<group>";
		};
		3066D5B621B49CF0000DA4B9 /* StockMarket */ = {
			isa = PBXGroup;
			children = (
				30AAC9AD21B79FE2009CF7BD /* Resources */,
				3066D5CD21B4B105000DA4B9 /* View Controller */,
				3066D5CC21B4B0FC000DA4B9 /* Model */,
				3066D5B721B49CF0000DA4B9 /* AppDelegate.swift */,
				3066D5BB21B49CF0000DA4B9 /* Main.storyboard */,
				3066D5C121B49CF1000DA4B9 /* Assets.xcassets */,
				3066D5C321B49CF1000DA4B9 /* LaunchScreen.storyboard */,
				3066D5C621B49CF1000DA4B9 /* Info.plist */,
				3066D5BE21B49CF0000DA4B9 /* StockMarket.xcdatamodeld */,
			);
			path = StockMarket;
			sourceTree = "<group>";
		};
		3066D5CC21B4B0FC000DA4B9 /* Model */ = {
			isa = PBXGroup;
			children = (
				3066D5CE21B4B12B000DA4B9 /* StockManager.swift */,
				30AAC9B021B7D1F8009CF7BD /* Stock.swift */,
			);
			path = Model;
			sourceTree = "<group>";
		};
		3066D5CD21B4B105000DA4B9 /* View Controller */ = {
			isa = PBXGroup;
			children = (
				3066D5B921B49CF0000DA4B9 /* Stock_VC.swift */,
			);
			path = "View Controller";
			sourceTree = "<group>";
		};
		30AAC9AD21B79FE2009CF7BD /* Resources */ = {
			isa = PBXGroup;
			children = (
				30AAC9AE21B7A00C009CF7BD /* Designables.swift */,
			);
			path = Resources;
			sourceTree = "<group>";
		};
		C48EAD5075E88736EABC3601 /* Pods */ = {
			isa = PBXGroup;
			children = (
				CD7AE77920F216BB329303A3 /* Pods-StockMarket.debug.xcconfig */,
				070BF1EDE0CCF662CF816507 /* Pods-StockMarket.release.xcconfig */,
			);
			name = Pods;
			sourceTree = "<group>";
		};
		CEBF6AC0FDF120BBF88FB983 /* Frameworks */ = {
			isa = PBXGroup;
			children = (
				E5F765155E9E6DEEF4877C14 /* Pods_StockMarket.framework */,
			);
			name = Frameworks;
			sourceTree = "<group>";
		};
/* End PBXGroup section */

/* Begin PBXNativeTarget section */
		3066D5B321B49CF0000DA4B9 /* StockMarket */ = {
			isa = PBXNativeTarget;
			buildConfigurationList = 3066D5C921B49CF1000DA4B9 /* Build configuration list for PBXNativeTarget "StockMarket" */;
			buildPhases = (
				DFF2F0E4A82831F97607F885 /* [CP] Check Pods Manifest.lock */,
				3066D5B021B49CF0000DA4B9 /* Sources */,
				3066D5B121B49CF0000DA4B9 /* Frameworks */,
				3066D5B221B49CF0000DA4B9 /* Resources */,
				AC4E66A4183862562B9A140C /* [CP] Embed Pods Frameworks */,
			);
			buildRules = (
			);
			dependencies = (
			);
			name = StockMarket;
			productName = StockMarket;
			productReference = 3066D5B421B49CF0000DA4B9 /* StockMarket.app */;
			productType = "com.apple.product-type.application";
		};
/* End PBXNativeTarget section */

/* Begin PBXProject section */
		3066D5AC21B49CF0000DA4B9 /* Project object */ = {
			isa = PBXProject;
			attributes = {
				LastSwiftUpdateCheck = 1010;
				LastUpgradeCheck = 1010;
				ORGANIZATIONNAME = Daramji;
				TargetAttributes = {
					3066D5B321B49CF0000DA4B9 = {
						CreatedOnToolsVersion = 10.1;
					};
				};
			};
			buildConfigurationList = 3066D5AF21B49CF0000DA4B9 /* Build configuration list for PBXProject "StockMarket" */;
			compatibilityVersion = "Xcode 9.3";
			developmentRegion = en;
			hasScannedForEncodings = 0;
			knownRegions = (
				en,
				Base,
			);
			mainGroup = 3066D5AB21B49CF0000DA4B9;
			productRefGroup = 3066D5B521B49CF0000DA4B9 /* Products */;
			projectDirPath = "";
			projectRoot = "";
			targets = (
				3066D5B321B49CF0000DA4B9 /* StockMarket */,
			);
		};
/* End PBXProject section */

/* Begin PBXResourcesBuildPhase section */
		3066D5B221B49CF0000DA4B9 /* Resources */ = {
			isa = PBXResourcesBuildPhase;
			buildActionMask = 2147483647;
			files = (
				3066D5C521B49CF1000DA4B9 /* LaunchScreen.storyboard in Resources */,
				3066D5C221B49CF1000DA4B9 /* Assets.xcassets in Resources */,
				3066D5BD21B49CF0000DA4B9 /* Main.storyboard in Resources */,
			);
			runOnlyForDeploymentPostprocessing = 0;
		};
/* End PBXResourcesBuildPhase section */

/* Begin PBXShellScriptBuildPhase section */
		AC4E66A4183862562B9A140C /* [CP] Embed Pods Frameworks */ = {
			isa = PBXShellScriptBuildPhase;
			buildActionMask = 2147483647;
			files = (
			);
			inputPaths = (
				"${SRCROOT}/Pods/Target Support Files/Pods-StockMarket/Pods-StockMarket-frameworks.sh",
				"${BUILT_PRODUCTS_DIR}/Alamofire/Alamofire.framework",
				"${BUILT_PRODUCTS_DIR}/SwiftyJSON/SwiftyJSON.framework",
			);
			name = "[CP] Embed Pods Frameworks";
			outputPaths = (
				"${TARGET_BUILD_DIR}/${FRAMEWORKS_FOLDER_PATH}/Alamofire.framework",
				"${TARGET_BUILD_DIR}/${FRAMEWORKS_FOLDER_PATH}/SwiftyJSON.framework",
			);
			runOnlyForDeploymentPostprocessing = 0;
			shellPath = /bin/sh;
			shellScript = "\"${SRCROOT}/Pods/Target Support Files/Pods-StockMarket/Pods-StockMarket-frameworks.sh\"\n";
			showEnvVarsInLog = 0;
		};
		DFF2F0E4A82831F97607F885 /* [CP] Check Pods Manifest.lock */ = {
			isa = PBXShellScriptBuildPhase;
			buildActionMask = 2147483647;
			files = (
			);
			inputPaths = (
				"${PODS_PODFILE_DIR_PATH}/Podfile.lock",
				"${PODS_ROOT}/Manifest.lock",
			);
			name = "[CP] Check Pods Manifest.lock";
			outputPaths = (
				"$(DERIVED_FILE_DIR)/Pods-StockMarket-checkManifestLockResult.txt",
			);
			runOnlyForDeploymentPostprocessing = 0;
			shellPath = /bin/sh;
			shellScript = "diff \"${PODS_PODFILE_DIR_PATH}/Podfile.lock\" \"${PODS_ROOT}/Manifest.lock\" > /dev/null\nif [ $? != 0 ] ; then\n    # print error to STDERR\n    echo \"error: The sandbox is not in sync with the Podfile.lock. Run 'pod install' or update your CocoaPods installation.\" >&2\n    exit 1\nfi\n# This output is used by Xcode 'outputs' to avoid re-running this script phase.\necho \"SUCCESS\" > \"${SCRIPT_OUTPUT_FILE_0}\"\n";
			showEnvVarsInLog = 0;
		};
/* End PBXShellScriptBuildPhase section */

/* Begin PBXSourcesBuildPhase section */
		3066D5B021B49CF0000DA4B9 /* Sources */ = {
			isa = PBXSourcesBuildPhase;
			buildActionMask = 2147483647;
			files = (
				3066D5CF21B4B12B000DA4B9 /* StockManager.swift in Sources */,
				30AAC9AF21B7A00C009CF7BD /* Designables.swift in Sources */,
				30AAC9B121B7D1F8009CF7BD /* Stock.swift in Sources */,
				3066D5C021B49CF0000DA4B9 /* StockMarket.xcdatamodeld in Sources */,
				3066D5BA21B49CF0000DA4B9 /* Stock_VC.swift in Sources */,
				3066D5B821B49CF0000DA4B9 /* AppDelegate.swift in Sources */,
			);
			runOnlyForDeploymentPostprocessing = 0;
		};
/* End PBXSourcesBuildPhase section */

/* Begin PBXVariantGroup section */
		3066D5BB21B49CF0000DA4B9 /* Main.storyboard */ = {
			isa = PBXVariantGroup;
			children = (
				3066D5BC21B49CF0000DA4B9 /* Base */,
			);
			name = Main.storyboard;
			sourceTree = "<group>";
		};
		3066D5C321B49CF1000DA4B9 /* LaunchScreen.storyboard */ = {
			isa = PBXVariantGroup;
			children = (
				3066D5C421B49CF1000DA4B9 /* Base */,
			);
			name = LaunchScreen.storyboard;
			sourceTree = "<group>";
		};
/* End PBXVariantGroup section */

/* Begin XCBuildConfiguration section */
		3066D5C721B49CF1000DA4B9 /* Debug */ = {
			isa = XCBuildConfiguration;
			buildSettings = {
				ALWAYS_SEARCH_USER_PATHS = NO;
				CLANG_ANALYZER_NONNULL = YES;
				CLANG_ANALYZER_NUMBER_OBJECT_CONVERSION = YES_AGGRESSIVE;
				CLANG_CXX_LANGUAGE_STANDARD = "gnu++14";
				CLANG_CXX_LIBRARY = "libc++";
				CLANG_ENABLE_MODULES = YES;
				CLANG_ENABLE_OBJC_ARC = YES;
				CLANG_ENABLE_OBJC_WEAK = YES;
				CLANG_WARN_BLOCK_CAPTURE_AUTORELEASING = YES;
				CLANG_WARN_BOOL_CONVERSION = YES;
				CLANG_WARN_COMMA = YES;
				CLANG_WARN_CONSTANT_CONVERSION = YES;
				CLANG_WARN_DEPRECATED_OBJC_IMPLEMENTATIONS = YES;
				CLANG_WARN_DIRECT_OBJC_ISA_USAGE = YES_ERROR;
				CLANG_WARN_DOCUMENTATION_COMMENTS = YES;
				CLANG_WARN_EMPTY_BODY = YES;
				CLANG_WARN_ENUM_CONVERSION = YES;
				CLANG_WARN_INFINITE_RECURSION = YES;
				CLANG_WARN_INT_CONVERSION = YES;
				CLANG_WARN_NON_LITERAL_NULL_CONVERSION = YES;
				CLANG_WARN_OBJC_IMPLICIT_RETAIN_SELF = YES;
				CLANG_WARN_OBJC_LITERAL_CONVERSION = YES;
				CLANG_WARN_OBJC_ROOT_CLASS = YES_ERROR;
				CLANG_WARN_RANGE_LOOP_ANALYSIS = YES;
				CLANG_WARN_STRICT_PROTOTYPES = YES;
				CLANG_WARN_SUSPICIOUS_MOVE = YES;
				CLANG_WARN_UNGUARDED_AVAILABILITY = YES_AGGRESSIVE;
				CLANG_WARN_UNREACHABLE_CODE = YES;
				CLANG_WARN__DUPLICATE_METHOD_MATCH = YES;
				CODE_SIGN_IDENTITY = "iPhone Developer";
				COPY_PHASE_STRIP = NO;
				DEBUG_INFORMATION_FORMAT = dwarf;
				ENABLE_STRICT_OBJC_MSGSEND = YES;
				ENABLE_TESTABILITY = YES;
				GCC_C_LANGUAGE_STANDARD = gnu11;
				GCC_DYNAMIC_NO_PIC = NO;
				GCC_NO_COMMON_BLOCKS = YES;
				GCC_OPTIMIZATION_LEVEL = 0;
				GCC_PREPROCESSOR_DEFINITIONS = (
					"DEBUG=1",
					"$(inherited)",
				);
				GCC_WARN_64_TO_32_BIT_CONVERSION = YES;
				GCC_WARN_ABOUT_RETURN_TYPE = YES_ERROR;
				GCC_WARN_UNDECLARED_SELECTOR = YES;
				GCC_WARN_UNINITIALIZED_AUTOS = YES_AGGRESSIVE;
				GCC_WARN_UNUSED_FUNCTION = YES;
				GCC_WARN_UNUSED_VARIABLE = YES;
				IPHONEOS_DEPLOYMENT_TARGET = 12.1;
				MTL_ENABLE_DEBUG_INFO = INCLUDE_SOURCE;
				MTL_FAST_MATH = YES;
				ONLY_ACTIVE_ARCH = YES;
				SDKROOT = iphoneos;
				SWIFT_ACTIVE_COMPILATION_CONDITIONS = DEBUG;
				SWIFT_OPTIMIZATION_LEVEL = "-Onone";
			};
			name = Debug;
		};
		3066D5C821B49CF1000DA4B9 /* Release */ = {
			isa = XCBuildConfiguration;
			buildSettings = {
				ALWAYS_SEARCH_USER_PATHS = NO;
				CLANG_ANALYZER_NONNULL = YES;
				CLANG_ANALYZER_NUMBER_OBJECT_CONVERSION = YES_AGGRESSIVE;
				CLANG_CXX_LANGUAGE_STANDARD = "gnu++14";
				CLANG_CXX_LIBRARY = "libc++";
				CLANG_ENABLE_MODULES = YES;
				CLANG_ENABLE_OBJC_ARC = YES;
				CLANG_ENABLE_OBJC_WEAK = YES;
				CLANG_WARN_BLOCK_CAPTURE_AUTORELEASING = YES;
				CLANG_WARN_BOOL_CONVERSION = YES;
				CLANG_WARN_COMMA = YES;
				CLANG_WARN_CONSTANT_CONVERSION = YES;
				CLANG_WARN_DEPRECATED_OBJC_IMPLEMENTATIONS = YES;
				CLANG_WARN_DIRECT_OBJC_ISA_USAGE = YES_ERROR;
				CLANG_WARN_DOCUMENTATION_COMMENTS = YES;
				CLANG_WARN_EMPTY_BODY = YES;
				CLANG_WARN_ENUM_CONVERSION = YES;
				CLANG_WARN_INFINITE_RECURSION = YES;
				CLANG_WARN_INT_CONVERSION = YES;
				CLANG_WARN_NON_LITERAL_NULL_CONVERSION = YES;
				CLANG_WARN_OBJC_IMPLICIT_RETAIN_SELF = YES;
				CLANG_WARN_OBJC_LITERAL_CONVERSION = YES;
				CLANG_WARN_OBJC_ROOT_CLASS = YES_ERROR;
				CLANG_WARN_RANGE_LOOP_ANALYSIS = YES;
				CLANG_WARN_STRICT_PROTOTYPES = YES;
				CLANG_WARN_SUSPICIOUS_MOVE = YES;
				CLANG_WARN_UNGUARDED_AVAILABILITY = YES_AGGRESSIVE;
				CLANG_WARN_UNREACHABLE_CODE = YES;
				CLANG_WARN__DUPLICATE_METHOD_MATCH = YES;
				CODE_SIGN_IDENTITY = "iPhone Developer";
				COPY_PHASE_STRIP = NO;
				DEBUG_INFORMATION_FORMAT = "dwarf-with-dsym";
				ENABLE_NS_ASSERTIONS = NO;
				ENABLE_STRICT_OBJC_MSGSEND = YES;
				GCC_C_LANGUAGE_STANDARD = gnu11;
				GCC_NO_COMMON_BLOCKS = YES;
				GCC_WARN_64_TO_32_BIT_CONVERSION = YES;
				GCC_WARN_ABOUT_RETURN_TYPE = YES_ERROR;
				GCC_WARN_UNDECLARED_SELECTOR = YES;
				GCC_WARN_UNINITIALIZED_AUTOS = YES_AGGRESSIVE;
				GCC_WARN_UNUSED_FUNCTION = YES;
				GCC_WARN_UNUSED_VARIABLE = YES;
				IPHONEOS_DEPLOYMENT_TARGET = 12.1;
				MTL_ENABLE_DEBUG_INFO = NO;
				MTL_FAST_MATH = YES;
				SDKROOT = iphoneos;
				SWIFT_COMPILATION_MODE = wholemodule;
				SWIFT_OPTIMIZATION_LEVEL = "-O";
				VALIDATE_PRODUCT = YES;
			};
			name = Release;
		};
		3066D5CA21B49CF1000DA4B9 /* Debug */ = {
			isa = XCBuildConfiguration;
			baseConfigurationReference = CD7AE77920F216BB329303A3 /* Pods-StockMarket.debug.xcconfig */;
			buildSettings = {
				ASSETCATALOG_COMPILER_APPICON_NAME = AppIcon;
				CODE_SIGN_STYLE = Automatic;
				DEVELOPMENT_TEAM = 6H23PX874P;
				INFOPLIST_FILE = StockMarket/Info.plist;
				IPHONEOS_DEPLOYMENT_TARGET = 12.0;
				LD_RUNPATH_SEARCH_PATHS = (
					"$(inherited)",
					"@executable_path/Frameworks",
				);
				PRODUCT_BUNDLE_IDENTIFIER = com.Daramji.StockMarket;
				PRODUCT_NAME = "$(TARGET_NAME)";
				SWIFT_VERSION = 4.2;
				TARGETED_DEVICE_FAMILY = "1,2";
			};
			name = Debug;
		};
		3066D5CB21B49CF1000DA4B9 /* Release */ = {
			isa = XCBuildConfiguration;
			baseConfigurationReference = 070BF1EDE0CCF662CF816507 /* Pods-StockMarket.release.xcconfig */;
			buildSettings = {
				ASSETCATALOG_COMPILER_APPICON_NAME = AppIcon;
				CODE_SIGN_STYLE = Automatic;
				DEVELOPMENT_TEAM = 6H23PX874P;
				INFOPLIST_FILE = StockMarket/Info.plist;
				IPHONEOS_DEPLOYMENT_TARGET = 12.0;
				LD_RUNPATH_SEARCH_PATHS = (
					"$(inherited)",
					"@executable_path/Frameworks",
				);
				PRODUCT_BUNDLE_IDENTIFIER = com.Daramji.StockMarket;
				PRODUCT_NAME = "$(TARGET_NAME)";
				SWIFT_VERSION = 4.2;
				TARGETED_DEVICE_FAMILY = "1,2";
			};
			name = Release;
		};
/* End XCBuildConfiguration section */

/* Begin XCConfigurationList section */
		3066D5AF21B49CF0000DA4B9 /* Build configuration list for PBXProject "StockMarket" */ = {
			isa = XCConfigurationList;
			buildConfigurations = (
				3066D5C721B49CF1000DA4B9 /* Debug */,
				3066D5C821B49CF1000DA4B9 /* Release */,
			);
			defaultConfigurationIsVisible = 0;
			defaultConfigurationName = Release;
		};
		3066D5C921B49CF1000DA4B9 /* Build configuration list for PBXNativeTarget "StockMarket" */ = {
			isa = XCConfigurationList;
			buildConfigurations = (
				3066D5CA21B49CF1000DA4B9 /* Debug */,
				3066D5CB21B49CF1000DA4B9 /* Release */,
			);
			defaultConfigurationIsVisible = 0;
			defaultConfigurationName = Release;
		};
/* End XCConfigurationList section */

/* Begin XCVersionGroup section */
		3066D5BE21B49CF0000DA4B9 /* StockMarket.xcdatamodeld */ = {
			isa = XCVersionGroup;
			children = (
				3066D5BF21B49CF0000DA4B9 /* StockMarket.xcdatamodel */,
			);
			currentVersion = 3066D5BF21B49CF0000DA4B9 /* StockMarket.xcdatamodel */;
			path = StockMarket.xcdatamodeld;
			sourceTree = "<group>";
			versionGroupType = wrapper.xcdatamodel;
		};
/* End XCVersionGroup section */
	};
	rootObject = 3066D5AC21B49CF0000DA4B9 /* Project object */;
}
